<?xml version="1.0" encoding="UTF-8"?>
<!DOCTYPE plist PUBLIC "-//Apple//DTD PLIST 1.0//EN" "http://www.apple.com/DTDs/PropertyList-1.0.dtd">
<plist version="1.0">
<dict>
	<key>archiveVersion</key>
	<string>1</string>
	<key>classes</key>
	<dict/>
	<key>objectVersion</key>
	<string>46</string>
	<key>objects</key>
	<dict>
		<key>64ACB4F4102D4439A827EFF3</key>
		<dict>
			<key>includeInIndex</key>
			<string>1</string>
			<key>isa</key>
			<string>PBXFileReference</string>
			<key>lastKnownFileType</key>
			<string>text.xcconfig</string>
			<key>name</key>
			<string>Pods.xcconfig</string>
			<key>path</key>
			<string>../../Pods/Pods.xcconfig</string>
			<key>sourceTree</key>
			<string>SOURCE_ROOT</string>
		</dict>
		<key>7933CA3A1649409FB02E5769</key>
		<dict>
			<key>fileRef</key>
			<string>D49B9F6386094C51AD178C53</string>
			<key>isa</key>
			<string>PBXBuildFile</string>
		</dict>
		<key>AB3A90C5165092CF00C672E5</key>
		<dict>
			<key>children</key>
			<array>
				<string>AB3A90DA165092CF00C672E5</string>
				<string>AB3A90D3165092CF00C672E5</string>
				<string>AB3A90D1165092CF00C672E5</string>
				<string>64ACB4F4102D4439A827EFF3</string>
			</array>
			<key>isa</key>
			<string>PBXGroup</string>
			<key>sourceTree</key>
			<string>&lt;group&gt;</string>
		</dict>
		<key>AB3A90C7165092CF00C672E5</key>
		<dict>
			<key>attributes</key>
			<dict>
				<key>LastUpgradeCheck</key>
				<string>0450</string>
				<key>ORGANIZATIONNAME</key>
				<string>BOOHEE</string>
			</dict>
			<key>buildConfigurationList</key>
			<string>AB3A90CA165092CF00C672E5</string>
			<key>compatibilityVersion</key>
			<string>Xcode 3.2</string>
			<key>developmentRegion</key>
			<string>English</string>
			<key>hasScannedForEncodings</key>
			<string>0</string>
			<key>isa</key>
			<string>PBXProject</string>
			<key>knownRegions</key>
			<array>
				<string>en</string>
			</array>
			<key>mainGroup</key>
			<string>AB3A90C5165092CF00C672E5</string>
			<key>productRefGroup</key>
			<string>AB3A90D1165092CF00C672E5</string>
			<key>projectDirPath</key>
			<string></string>
			<key>projectRoot</key>
			<string></string>
			<key>targets</key>
			<array>
				<string>AB3A90CF165092CF00C672E5</string>
			</array>
		</dict>
		<key>AB3A90CA165092CF00C672E5</key>
		<dict>
			<key>buildConfigurations</key>
			<array>
				<string>AB3A90F2165092CF00C672E5</string>
				<string>AB3A90F3165092CF00C672E5</string>
			</array>
			<key>defaultConfigurationIsVisible</key>
			<string>0</string>
			<key>defaultConfigurationName</key>
			<string>Release</string>
			<key>isa</key>
			<string>XCConfigurationList</string>
		</dict>
		<key>AB3A90CC165092CF00C672E5</key>
		<dict>
			<key>buildActionMask</key>
			<string>2147483647</string>
			<key>files</key>
			<array>
				<string>AB3A90E1165092CF00C672E5</string>
				<string>AB3A90E5165092CF00C672E5</string>
				<string>AB3A90EE165092CF00C672E5</string>
			</array>
			<key>isa</key>
			<string>PBXSourcesBuildPhase</string>
			<key>runOnlyForDeploymentPostprocessing</key>
			<string>0</string>
		</dict>
		<key>AB3A90CD165092CF00C672E5</key>
		<dict>
			<key>buildActionMask</key>
			<string>2147483647</string>
			<key>files</key>
			<array>
				<string>AB3A90D5165092CF00C672E5</string>
				<string>AB3A90D7165092CF00C672E5</string>
				<string>AB3A90D9165092CF00C672E5</string>
				<string>7933CA3A1649409FB02E5769</string>
			</array>
			<key>isa</key>
			<string>PBXFrameworksBuildPhase</string>
			<key>runOnlyForDeploymentPostprocessing</key>
			<string>0</string>
		</dict>
		<key>AB3A90CE165092CF00C672E5</key>
		<dict>
			<key>buildActionMask</key>
			<string>2147483647</string>
			<key>files</key>
			<array>
				<string>AB3A90DF165092CF00C672E5</string>
				<string>AB3A90E7165092CF00C672E5</string>
				<string>AB3A90E9165092CF00C672E5</string>
				<string>AB3A90EB165092CF00C672E5</string>
				<string>AB3A90F1165092CF00C672E5</string>
			</array>
			<key>isa</key>
			<string>PBXResourcesBuildPhase</string>
			<key>runOnlyForDeploymentPostprocessing</key>
			<string>0</string>
		</dict>
		<key>AB3A90CF165092CF00C672E5</key>
		<dict>
			<key>buildConfigurationList</key>
			<string>AB3A90F4165092CF00C672E5</string>
			<key>buildPhases</key>
			<array>
				<string>AB3A90CC165092CF00C672E5</string>
				<string>AB3A90CD165092CF00C672E5</string>
				<string>AB3A90CE165092CF00C672E5</string>
				<string>C377296E062343AEACBA0C2D</string>
			</array>
			<key>buildRules</key>
			<array/>
			<key>dependencies</key>
			<array/>
			<key>isa</key>
			<string>PBXNativeTarget</string>
			<key>name</key>
			<string>MYFrameworkDemo</string>
			<key>productName</key>
			<string>MYFrameworkDemo</string>
			<key>productReference</key>
			<string>AB3A90D0165092CF00C672E5</string>
			<key>productType</key>
			<string>com.apple.product-type.application</string>
		</dict>
		<key>AB3A90D0165092CF00C672E5</key>
		<dict>
			<key>explicitFileType</key>
			<string>wrapper.application</string>
			<key>includeInIndex</key>
			<string>0</string>
			<key>isa</key>
			<string>PBXFileReference</string>
			<key>name</key>
			<string>MYFrameworkDemo.app</string>
			<key>path</key>
			<string>MYFrameworkDemo.app</string>
			<key>sourceTree</key>
			<string>BUILT_PRODUCTS_DIR</string>
		</dict>
		<key>AB3A90D1165092CF00C672E5</key>
		<dict>
			<key>children</key>
			<array>
				<string>AB3A90D0165092CF00C672E5</string>
			</array>
			<key>isa</key>
			<string>PBXGroup</string>
			<key>name</key>
			<string>Products</string>
			<key>sourceTree</key>
			<string>&lt;group&gt;</string>
		</dict>
		<key>AB3A90D3165092CF00C672E5</key>
		<dict>
			<key>children</key>
			<array>
				<string>AB3A90D4165092CF00C672E5</string>
				<string>AB3A90D6165092CF00C672E5</string>
				<string>AB3A90D8165092CF00C672E5</string>
				<string>D49B9F6386094C51AD178C53</string>
			</array>
			<key>isa</key>
			<string>PBXGroup</string>
			<key>name</key>
			<string>Frameworks</string>
			<key>sourceTree</key>
			<string>&lt;group&gt;</string>
		</dict>
		<key>AB3A90D4165092CF00C672E5</key>
		<dict>
			<key>includeInIndex</key>
			<string>1</string>
			<key>isa</key>
			<string>PBXFileReference</string>
			<key>lastKnownFileType</key>
			<string>wrapper.framework</string>
			<key>name</key>
			<string>UIKit.framework</string>
			<key>path</key>
			<string>System/Library/Frameworks/UIKit.framework</string>
			<key>sourceTree</key>
			<string>SDKROOT</string>
		</dict>
		<key>AB3A90D5165092CF00C672E5</key>
		<dict>
			<key>fileRef</key>
			<string>AB3A90D4165092CF00C672E5</string>
			<key>isa</key>
			<string>PBXBuildFile</string>
		</dict>
		<key>AB3A90D6165092CF00C672E5</key>
		<dict>
			<key>includeInIndex</key>
			<string>1</string>
			<key>isa</key>
			<string>PBXFileReference</string>
			<key>lastKnownFileType</key>
			<string>wrapper.framework</string>
			<key>name</key>
			<string>Foundation.framework</string>
			<key>path</key>
			<string>System/Library/Frameworks/Foundation.framework</string>
			<key>sourceTree</key>
			<string>SDKROOT</string>
		</dict>
		<key>AB3A90D7165092CF00C672E5</key>
		<dict>
			<key>fileRef</key>
			<string>AB3A90D6165092CF00C672E5</string>
			<key>isa</key>
			<string>PBXBuildFile</string>
		</dict>
		<key>AB3A90D8165092CF00C672E5</key>
		<dict>
			<key>includeInIndex</key>
			<string>1</string>
			<key>isa</key>
			<string>PBXFileReference</string>
			<key>lastKnownFileType</key>
			<string>wrapper.framework</string>
			<key>name</key>
			<string>CoreGraphics.framework</string>
			<key>path</key>
			<string>System/Library/Frameworks/CoreGraphics.framework</string>
			<key>sourceTree</key>
			<string>SDKROOT</string>
		</dict>
		<key>AB3A90D9165092CF00C672E5</key>
		<dict>
			<key>fileRef</key>
			<string>AB3A90D8165092CF00C672E5</string>
			<key>isa</key>
			<string>PBXBuildFile</string>
		</dict>
		<key>AB3A90DA165092CF00C672E5</key>
		<dict>
			<key>children</key>
			<array>
				<string>AB3A90E3165092CF00C672E5</string>
				<string>AB3A90E4165092CF00C672E5</string>
				<string>AB3A90EC165092CF00C672E5</string>
				<string>AB3A90ED165092CF00C672E5</string>
				<string>AB3A90EF165092CF00C672E5</string>
				<string>AB3A90DB165092CF00C672E5</string>
			</array>
			<key>isa</key>
			<string>PBXGroup</string>
			<key>path</key>
			<string>MYFrameworkDemo</string>
			<key>sourceTree</key>
			<string>&lt;group&gt;</string>
		</dict>
		<key>AB3A90DB165092CF00C672E5</key>
		<dict>
			<key>children</key>
			<array>
				<string>AB3A90DC165092CF00C672E5</string>
				<string>AB3A90DD165092CF00C672E5</string>
				<string>AB3A90E0165092CF00C672E5</string>
				<string>AB3A90E2165092CF00C672E5</string>
				<string>AB3A90E6165092CF00C672E5</string>
				<string>AB3A90E8165092CF00C672E5</string>
				<string>AB3A90EA165092CF00C672E5</string>
			</array>
			<key>isa</key>
			<string>PBXGroup</string>
			<key>name</key>
			<string>Supporting Files</string>
			<key>sourceTree</key>
			<string>&lt;group&gt;</string>
		</dict>
		<key>AB3A90DC165092CF00C672E5</key>
		<dict>
			<key>isa</key>
			<string>PBXFileReference</string>
			<key>lastKnownFileType</key>
			<string>text.plist.xml</string>
			<key>path</key>
			<string>MYFrameworkDemo-Info.plist</string>
			<key>sourceTree</key>
			<string>&lt;group&gt;</string>
		</dict>
		<key>AB3A90DD165092CF00C672E5</key>
		<dict>
			<key>children</key>
			<array>
				<string>AB3A90DE165092CF00C672E5</string>
			</array>
			<key>isa</key>
			<string>PBXVariantGroup</string>
			<key>name</key>
			<string>InfoPlist.strings</string>
			<key>sourceTree</key>
			<string>&lt;group&gt;</string>
		</dict>
		<key>AB3A90DE165092CF00C672E5</key>
		<dict>
			<key>isa</key>
			<string>PBXFileReference</string>
			<key>lastKnownFileType</key>
			<string>text.plist.strings</string>
			<key>name</key>
			<string>en</string>
			<key>path</key>
			<string>en.lproj/InfoPlist.strings</string>
			<key>sourceTree</key>
			<string>&lt;group&gt;</string>
		</dict>
		<key>AB3A90DF165092CF00C672E5</key>
		<dict>
			<key>fileRef</key>
			<string>AB3A90DD165092CF00C672E5</string>
			<key>isa</key>
			<string>PBXBuildFile</string>
		</dict>
		<key>AB3A90E0165092CF00C672E5</key>
		<dict>
			<key>isa</key>
			<string>PBXFileReference</string>
			<key>lastKnownFileType</key>
			<string>sourcecode.c.objc</string>
			<key>path</key>
			<string>main.m</string>
			<key>sourceTree</key>
			<string>&lt;group&gt;</string>
		</dict>
		<key>AB3A90E1165092CF00C672E5</key>
		<dict>
			<key>fileRef</key>
			<string>AB3A90E0165092CF00C672E5</string>
			<key>isa</key>
			<string>PBXBuildFile</string>
		</dict>
		<key>AB3A90E2165092CF00C672E5</key>
		<dict>
			<key>isa</key>
			<string>PBXFileReference</string>
			<key>lastKnownFileType</key>
			<string>sourcecode.c.h</string>
			<key>path</key>
			<string>MYFrameworkDemo-Prefix.pch</string>
			<key>sourceTree</key>
			<string>&lt;group&gt;</string>
		</dict>
		<key>AB3A90E3165092CF00C672E5</key>
		<dict>
			<key>isa</key>
			<string>PBXFileReference</string>
			<key>lastKnownFileType</key>
			<string>sourcecode.c.h</string>
			<key>path</key>
			<string>AppDelegate.h</string>
			<key>sourceTree</key>
			<string>&lt;group&gt;</string>
		</dict>
		<key>AB3A90E4165092CF00C672E5</key>
		<dict>
			<key>isa</key>
			<string>PBXFileReference</string>
			<key>lastKnownFileType</key>
			<string>sourcecode.c.objc</string>
			<key>path</key>
			<string>AppDelegate.m</string>
			<key>sourceTree</key>
			<string>&lt;group&gt;</string>
		</dict>
		<key>AB3A90E5165092CF00C672E5</key>
		<dict>
			<key>fileRef</key>
			<string>AB3A90E4165092CF00C672E5</string>
			<key>isa</key>
			<string>PBXBuildFile</string>
		</dict>
		<key>AB3A90E6165092CF00C672E5</key>
		<dict>
			<key>isa</key>
			<string>PBXFileReference</string>
			<key>lastKnownFileType</key>
			<string>image.png</string>
			<key>path</key>
			<string>Default.png</string>
			<key>sourceTree</key>
			<string>&lt;group&gt;</string>
		</dict>
		<key>AB3A90E7165092CF00C672E5</key>
		<dict>
			<key>fileRef</key>
			<string>AB3A90E6165092CF00C672E5</string>
			<key>isa</key>
			<string>PBXBuildFile</string>
		</dict>
		<key>AB3A90E8165092CF00C672E5</key>
		<dict>
			<key>isa</key>
			<string>PBXFileReference</string>
			<key>lastKnownFileType</key>
			<string>image.png</string>
			<key>path</key>
			<string>Default@2x.png</string>
			<key>sourceTree</key>
			<string>&lt;group&gt;</string>
		</dict>
		<key>AB3A90E9165092CF00C672E5</key>
		<dict>
			<key>fileRef</key>
			<string>AB3A90E8165092CF00C672E5</string>
			<key>isa</key>
			<string>PBXBuildFile</string>
		</dict>
		<key>AB3A90EA165092CF00C672E5</key>
		<dict>
			<key>isa</key>
			<string>PBXFileReference</string>
			<key>lastKnownFileType</key>
			<string>image.png</string>
			<key>path</key>
			<string>Default-568h@2x.png</string>
			<key>sourceTree</key>
			<string>&lt;group&gt;</string>
		</dict>
		<key>AB3A90EB165092CF00C672E5</key>
		<dict>
			<key>fileRef</key>
			<string>AB3A90EA165092CF00C672E5</string>
			<key>isa</key>
			<string>PBXBuildFile</string>
		</dict>
		<key>AB3A90EC165092CF00C672E5</key>
		<dict>
			<key>isa</key>
			<string>PBXFileReference</string>
			<key>lastKnownFileType</key>
			<string>sourcecode.c.h</string>
			<key>path</key>
			<string>ViewController.h</string>
			<key>sourceTree</key>
			<string>&lt;group&gt;</string>
		</dict>
		<key>AB3A90ED165092CF00C672E5</key>
		<dict>
			<key>isa</key>
			<string>PBXFileReference</string>
			<key>lastKnownFileType</key>
			<string>sourcecode.c.objc</string>
			<key>path</key>
			<string>ViewController.m</string>
			<key>sourceTree</key>
			<string>&lt;group&gt;</string>
		</dict>
		<key>AB3A90EE165092CF00C672E5</key>
		<dict>
			<key>fileRef</key>
			<string>AB3A90ED165092CF00C672E5</string>
			<key>isa</key>
			<string>PBXBuildFile</string>
		</dict>
		<key>AB3A90EF165092CF00C672E5</key>
		<dict>
			<key>children</key>
			<array>
				<string>AB3A90F0165092CF00C672E5</string>
			</array>
			<key>isa</key>
			<string>PBXVariantGroup</string>
			<key>name</key>
			<string>ViewController.xib</string>
			<key>sourceTree</key>
			<string>&lt;group&gt;</string>
		</dict>
		<key>AB3A90F0165092CF00C672E5</key>
		<dict>
			<key>isa</key>
			<string>PBXFileReference</string>
			<key>lastKnownFileType</key>
			<string>file.xib</string>
			<key>name</key>
			<string>en</string>
			<key>path</key>
			<string>en.lproj/ViewController.xib</string>
			<key>sourceTree</key>
			<string>&lt;group&gt;</string>
		</dict>
		<key>AB3A90F1165092CF00C672E5</key>
		<dict>
			<key>fileRef</key>
			<string>AB3A90EF165092CF00C672E5</string>
			<key>isa</key>
			<string>PBXBuildFile</string>
		</dict>
		<key>AB3A90F2165092CF00C672E5</key>
		<dict>
			<key>buildSettings</key>
			<dict>
				<key>ALWAYS_SEARCH_USER_PATHS</key>
				<string>NO</string>
				<key>CLANG_CXX_LANGUAGE_STANDARD</key>
				<string>gnu++0x</string>
				<key>CLANG_CXX_LIBRARY</key>
				<string>libc++</string>
				<key>CLANG_WARN_EMPTY_BODY</key>
				<string>YES</string>
				<key>CLANG_WARN__DUPLICATE_METHOD_MATCH</key>
				<string>YES</string>
				<key>CODE_SIGN_IDENTITY[sdk=iphoneos*]</key>
				<string>iPhone Developer</string>
				<key>COPY_PHASE_STRIP</key>
				<string>NO</string>
				<key>GCC_C_LANGUAGE_STANDARD</key>
				<string>gnu99</string>
				<key>GCC_DYNAMIC_NO_PIC</key>
				<string>NO</string>
				<key>GCC_OPTIMIZATION_LEVEL</key>
				<string>0</string>
				<key>GCC_PREPROCESSOR_DEFINITIONS</key>
				<array>
					<string>DEBUG=1</string>
					<string>$(inherited)</string>
				</array>
				<key>GCC_SYMBOLS_PRIVATE_EXTERN</key>
				<string>NO</string>
				<key>GCC_WARN_ABOUT_RETURN_TYPE</key>
				<string>YES</string>
				<key>GCC_WARN_UNINITIALIZED_AUTOS</key>
				<string>YES</string>
				<key>GCC_WARN_UNUSED_VARIABLE</key>
				<string>YES</string>
				<key>IPHONEOS_DEPLOYMENT_TARGET</key>
				<string>6.0</string>
				<key>ONLY_ACTIVE_ARCH</key>
				<string>YES</string>
				<key>SDKROOT</key>
				<string>iphoneos</string>
			</dict>
			<key>isa</key>
			<string>XCBuildConfiguration</string>
			<key>name</key>
			<string>Debug</string>
		</dict>
		<key>AB3A90F3165092CF00C672E5</key>
		<dict>
			<key>buildSettings</key>
			<dict>
				<key>ALWAYS_SEARCH_USER_PATHS</key>
				<string>NO</string>
				<key>CLANG_CXX_LANGUAGE_STANDARD</key>
				<string>gnu++0x</string>
				<key>CLANG_CXX_LIBRARY</key>
				<string>libc++</string>
				<key>CLANG_WARN_EMPTY_BODY</key>
				<string>YES</string>
				<key>CLANG_WARN__DUPLICATE_METHOD_MATCH</key>
				<string>YES</string>
				<key>CODE_SIGN_IDENTITY[sdk=iphoneos*]</key>
				<string>iPhone Developer</string>
				<key>COPY_PHASE_STRIP</key>
				<string>YES</string>
				<key>GCC_C_LANGUAGE_STANDARD</key>
				<string>gnu99</string>
				<key>GCC_WARN_ABOUT_RETURN_TYPE</key>
				<string>YES</string>
				<key>GCC_WARN_UNINITIALIZED_AUTOS</key>
				<string>YES</string>
				<key>GCC_WARN_UNUSED_VARIABLE</key>
				<string>YES</string>
				<key>IPHONEOS_DEPLOYMENT_TARGET</key>
				<string>6.0</string>
				<key>OTHER_CFLAGS</key>
				<string>-DNS_BLOCK_ASSERTIONS=1</string>
				<key>SDKROOT</key>
				<string>iphoneos</string>
				<key>VALIDATE_PRODUCT</key>
				<string>YES</string>
			</dict>
			<key>isa</key>
			<string>XCBuildConfiguration</string>
			<key>name</key>
			<string>Release</string>
		</dict>
		<key>AB3A90F4165092CF00C672E5</key>
		<dict>
			<key>buildConfigurations</key>
			<array>
				<string>AB3A90F5165092CF00C672E5</string>
				<string>AB3A90F6165092CF00C672E5</string>
			</array>
			<key>defaultConfigurationIsVisible</key>
			<string>0</string>
			<key>isa</key>
			<string>XCConfigurationList</string>
		</dict>
		<key>AB3A90F5165092CF00C672E5</key>
		<dict>
			<key>baseConfigurationReference</key>
			<string>64ACB4F4102D4439A827EFF3</string>
			<key>buildSettings</key>
			<dict>
				<key>GCC_PRECOMPILE_PREFIX_HEADER</key>
				<string>YES</string>
				<key>GCC_PREFIX_HEADER</key>
				<string>MYFrameworkDemo/MYFrameworkDemo-Prefix.pch</string>
				<key>INFOPLIST_FILE</key>
				<string>MYFrameworkDemo/MYFrameworkDemo-Info.plist</string>
				<key>PRODUCT_NAME</key>
				<string>$(TARGET_NAME)</string>
				<key>WRAPPER_EXTENSION</key>
				<string>app</string>
			</dict>
			<key>isa</key>
			<string>XCBuildConfiguration</string>
			<key>name</key>
			<string>Debug</string>
		</dict>
		<key>AB3A90F6165092CF00C672E5</key>
		<dict>
			<key>baseConfigurationReference</key>
			<string>64ACB4F4102D4439A827EFF3</string>
			<key>buildSettings</key>
			<dict>
				<key>GCC_PRECOMPILE_PREFIX_HEADER</key>
				<string>YES</string>
				<key>GCC_PREFIX_HEADER</key>
				<string>MYFrameworkDemo/MYFrameworkDemo-Prefix.pch</string>
				<key>INFOPLIST_FILE</key>
				<string>MYFrameworkDemo/MYFrameworkDemo-Info.plist</string>
				<key>PRODUCT_NAME</key>
				<string>$(TARGET_NAME)</string>
				<key>WRAPPER_EXTENSION</key>
				<string>app</string>
			</dict>
			<key>isa</key>
			<string>XCBuildConfiguration</string>
			<key>name</key>
			<string>Release</string>
		</dict>
		<key>C377296E062343AEACBA0C2D</key>
		<dict>
			<key>buildActionMask</key>
			<string>2147483647</string>
			<key>files</key>
			<array/>
			<key>inputPaths</key>
			<array/>
			<key>isa</key>
			<string>PBXShellScriptBuildPhase</string>
			<key>name</key>
			<string>Copy Pods Resources</string>
			<key>outputPaths</key>
			<array/>
			<key>runOnlyForDeploymentPostprocessing</key>
			<string>0</string>
			<key>shellPath</key>
			<string>/bin/sh</string>
			<key>shellScript</key>
			<string>"${SRCROOT}/../../Pods/Pods-resources.sh"
</string>
		</dict>
		<key>D49B9F6386094C51AD178C53</key>
		<dict>
			<key>explicitFileType</key>
			<string>archive.ar</string>
			<key>includeInIndex</key>
			<string>0</string>
			<key>isa</key>
			<string>PBXFileReference</string>
			<key>name</key>
			<string>libPods.a</string>
			<key>path</key>
			<string>libPods.a</string>
			<key>sourceTree</key>
			<string>BUILT_PRODUCTS_DIR</string>
		</dict>
	</dict>
	<key>rootObject</key>
	<string>AB3A90C7165092CF00C672E5</string>
</dict>
</plist>
