// !$*UTF8*$!
{
	archiveVersion = 1;
	classes = {
	};
	objectVersion = 46;
	objects = {

/* Begin PBXBuildFile section */
		7933CA3A1649409FB02E5769 /* libPods.a in Frameworks */ = {isa = PBXBuildFile; fileRef = D49B9F6386094C51AD178C53 /* libPods.a */; };
		AB3443A91654B2F600F77740 /* MYDateSwitcher.m in Sources */ = {isa = PBXBuildFile; fileRef = AB3443A71654B2F600F77740 /* MYDateSwitcher.m */; };
		AB3A90D5165092CF00C672E5 /* UIKit.framework in Frameworks */ = {isa = PBXBuildFile; fileRef = AB3A90D4165092CF00C672E5 /* UIKit.framework */; };
		AB3A90D7165092CF00C672E5 /* Foundation.framework in Frameworks */ = {isa = PBXBuildFile; fileRef = AB3A90D6165092CF00C672E5 /* Foundation.framework */; };
		AB3A90D9165092CF00C672E5 /* CoreGraphics.framework in Frameworks */ = {isa = PBXBuildFile; fileRef = AB3A90D8165092CF00C672E5 /* CoreGraphics.framework */; };
		AB3A90DF165092CF00C672E5 /* InfoPlist.strings in Resources */ = {isa = PBXBuildFile; fileRef = AB3A90DD165092CF00C672E5 /* InfoPlist.strings */; };
		AB3A90E1165092CF00C672E5 /* main.m in Sources */ = {isa = PBXBuildFile; fileRef = AB3A90E0165092CF00C672E5 /* main.m */; };
		AB3A90E5165092CF00C672E5 /* AppDelegate.m in Sources */ = {isa = PBXBuildFile; fileRef = AB3A90E4165092CF00C672E5 /* AppDelegate.m */; };
		AB3A90E7165092CF00C672E5 /* Default.png in Resources */ = {isa = PBXBuildFile; fileRef = AB3A90E6165092CF00C672E5 /* Default.png */; };
		AB3A90E9165092CF00C672E5 /* Default@2x.png in Resources */ = {isa = PBXBuildFile; fileRef = AB3A90E8165092CF00C672E5 /* Default@2x.png */; };
		AB3A90EB165092CF00C672E5 /* Default-568h@2x.png in Resources */ = {isa = PBXBuildFile; fileRef = AB3A90EA165092CF00C672E5 /* Default-568h@2x.png */; };
		AB3A90EE165092CF00C672E5 /* ViewController.m in Sources */ = {isa = PBXBuildFile; fileRef = AB3A90ED165092CF00C672E5 /* ViewController.m */; };
		AB3A90F1165092CF00C672E5 /* ViewController.xib in Resources */ = {isa = PBXBuildFile; fileRef = AB3A90EF165092CF00C672E5 /* ViewController.xib */; };
		AB3A911A1650946A00C672E5 /* CustomTabBar.m in Sources */ = {isa = PBXBuildFile; fileRef = AB3A91041650946A00C672E5 /* CustomTabBar.m */; };
		AB3A911B1650946A00C672E5 /* CustomTabBarItem.m in Sources */ = {isa = PBXBuildFile; fileRef = AB3A91061650946A00C672E5 /* CustomTabBarItem.m */; };
		AB3A911C1650946A00C672E5 /* MYTableView.m in Sources */ = {isa = PBXBuildFile; fileRef = AB3A91081650946A00C672E5 /* MYTableView.m */; };
		AB3A911D1650946A00C672E5 /* MYView.m in Sources */ = {isa = PBXBuildFile; fileRef = AB3A910A1650946A00C672E5 /* MYView.m */; };
		AB3A911E1650946A00C672E5 /* ValueCheckBoxView.m in Sources */ = {isa = PBXBuildFile; fileRef = AB3A910C1650946A00C672E5 /* ValueCheckBoxView.m */; };
		AB3A911F1650946A00C672E5 /* MYNavigationController.m in Sources */ = {isa = PBXBuildFile; fileRef = AB3A91111650946A00C672E5 /* MYNavigationController.m */; };
		AB3A91201650946A00C672E5 /* MYBroadcast.m in Sources */ = {isa = PBXBuildFile; fileRef = AB3A91131650946A00C672E5 /* MYBroadcast.m */; };
		AB3A91211650946A00C672E5 /* MYBroadcastCenter.m in Sources */ = {isa = PBXBuildFile; fileRef = AB3A91151650946A00C672E5 /* MYBroadcastCenter.m */; };
		AB3A91221650946A00C672E5 /* MYViewController.m in Sources */ = {isa = PBXBuildFile; fileRef = AB3A91171650946A00C672E5 /* MYViewController.m */; };
		AB3A91231650946A00C672E5 /* NSObject+MYBroadcast.m in Sources */ = {isa = PBXBuildFile; fileRef = AB3A91191650946A00C672E5 /* NSObject+MYBroadcast.m */; };
		AB485AC2166F17460031747E /* pointer@2x.png in Resources */ = {isa = PBXBuildFile; fileRef = AB485AC0166F17460031747E /* pointer@2x.png */; };
		AB485AC3166F17460031747E /* ruler@2x.png in Resources */ = {isa = PBXBuildFile; fileRef = AB485AC1166F17460031747E /* ruler@2x.png */; };
		AB63DA7B16638BC8006CA284 /* MYRoute.m in Sources */ = {isa = PBXBuildFile; fileRef = AB63DA7A16638BC8006CA284 /* MYRoute.m */; };
		AB63DA7F16638D67006CA284 /* MYRouteCenter.m in Sources */ = {isa = PBXBuildFile; fileRef = AB63DA7E16638D67006CA284 /* MYRouteCenter.m */; };
		AB63DA821663922B006CA284 /* NSObject+MYRoute.m in Sources */ = {isa = PBXBuildFile; fileRef = AB63DA811663922A006CA284 /* NSObject+MYRoute.m */; };
/* End PBXBuildFile section */

/* Begin PBXFileReference section */
		64ACB4F4102D4439A827EFF3 /* Pods.xcconfig */ = {isa = PBXFileReference; includeInIndex = 1; lastKnownFileType = text.xcconfig; name = Pods.xcconfig; path = ../../Pods/Pods.xcconfig; sourceTree = SOURCE_ROOT; };
		AB3443A61654B2F600F77740 /* MYDateSwitcher.h */ = {isa = PBXFileReference; fileEncoding = 4; lastKnownFileType = sourcecode.c.h; path = MYDateSwitcher.h; sourceTree = "<group>"; };
		AB3443A71654B2F600F77740 /* MYDateSwitcher.m */ = {isa = PBXFileReference; fileEncoding = 4; lastKnownFileType = sourcecode.c.objc; path = MYDateSwitcher.m; sourceTree = "<group>"; };
		AB3443A81654B2F600F77740 /* MYDateSwitcherDefine.h */ = {isa = PBXFileReference; fileEncoding = 4; lastKnownFileType = sourcecode.c.h; path = MYDateSwitcherDefine.h; sourceTree = "<group>"; };
		AB3A90D0165092CF00C672E5 /* MYFrameworkDemo.app */ = {isa = PBXFileReference; explicitFileType = wrapper.application; includeInIndex = 0; path = MYFrameworkDemo.app; sourceTree = BUILT_PRODUCTS_DIR; };
		AB3A90D4165092CF00C672E5 /* UIKit.framework */ = {isa = PBXFileReference; includeInIndex = 1; lastKnownFileType = wrapper.framework; name = UIKit.framework; path = System/Library/Frameworks/UIKit.framework; sourceTree = SDKROOT; };
		AB3A90D6165092CF00C672E5 /* Foundation.framework */ = {isa = PBXFileReference; includeInIndex = 1; lastKnownFileType = wrapper.framework; name = Foundation.framework; path = System/Library/Frameworks/Foundation.framework; sourceTree = SDKROOT; };
		AB3A90D8165092CF00C672E5 /* CoreGraphics.framework */ = {isa = PBXFileReference; includeInIndex = 1; lastKnownFileType = wrapper.framework; name = CoreGraphics.framework; path = System/Library/Frameworks/CoreGraphics.framework; sourceTree = SDKROOT; };
		AB3A90DC165092CF00C672E5 /* MYFrameworkDemo-Info.plist */ = {isa = PBXFileReference; lastKnownFileType = text.plist.xml; path = "MYFrameworkDemo-Info.plist"; sourceTree = "<group>"; };
		AB3A90DE165092CF00C672E5 /* en */ = {isa = PBXFileReference; lastKnownFileType = text.plist.strings; name = en; path = en.lproj/InfoPlist.strings; sourceTree = "<group>"; };
		AB3A90E0165092CF00C672E5 /* main.m */ = {isa = PBXFileReference; lastKnownFileType = sourcecode.c.objc; path = main.m; sourceTree = "<group>"; };
		AB3A90E2165092CF00C672E5 /* MYFrameworkDemo-Prefix.pch */ = {isa = PBXFileReference; lastKnownFileType = sourcecode.c.h; path = "MYFrameworkDemo-Prefix.pch"; sourceTree = "<group>"; };
		AB3A90E3165092CF00C672E5 /* AppDelegate.h */ = {isa = PBXFileReference; lastKnownFileType = sourcecode.c.h; path = AppDelegate.h; sourceTree = "<group>"; };
		AB3A90E4165092CF00C672E5 /* AppDelegate.m */ = {isa = PBXFileReference; lastKnownFileType = sourcecode.c.objc; path = AppDelegate.m; sourceTree = "<group>"; };
		AB3A90E6165092CF00C672E5 /* Default.png */ = {isa = PBXFileReference; lastKnownFileType = image.png; path = Default.png; sourceTree = "<group>"; };
		AB3A90E8165092CF00C672E5 /* Default@2x.png */ = {isa = PBXFileReference; lastKnownFileType = image.png; path = "Default@2x.png"; sourceTree = "<group>"; };
		AB3A90EA165092CF00C672E5 /* Default-568h@2x.png */ = {isa = PBXFileReference; lastKnownFileType = image.png; path = "Default-568h@2x.png"; sourceTree = "<group>"; };
		AB3A90EC165092CF00C672E5 /* ViewController.h */ = {isa = PBXFileReference; lastKnownFileType = sourcecode.c.h; path = ViewController.h; sourceTree = "<group>"; };
		AB3A90ED165092CF00C672E5 /* ViewController.m */ = {isa = PBXFileReference; lastKnownFileType = sourcecode.c.objc; path = ViewController.m; sourceTree = "<group>"; };
		AB3A90F0165092CF00C672E5 /* en */ = {isa = PBXFileReference; lastKnownFileType = file.xib; name = en; path = en.lproj/ViewController.xib; sourceTree = "<group>"; };
		AB3A91031650946A00C672E5 /* CustomTabBar.h */ = {isa = PBXFileReference; fileEncoding = 4; lastKnownFileType = sourcecode.c.h; path = CustomTabBar.h; sourceTree = "<group>"; };
		AB3A91041650946A00C672E5 /* CustomTabBar.m */ = {isa = PBXFileReference; fileEncoding = 4; lastKnownFileType = sourcecode.c.objc; path = CustomTabBar.m; sourceTree = "<group>"; };
		AB3A91051650946A00C672E5 /* CustomTabBarItem.h */ = {isa = PBXFileReference; fileEncoding = 4; lastKnownFileType = sourcecode.c.h; path = CustomTabBarItem.h; sourceTree = "<group>"; };
		AB3A91061650946A00C672E5 /* CustomTabBarItem.m */ = {isa = PBXFileReference; fileEncoding = 4; lastKnownFileType = sourcecode.c.objc; path = CustomTabBarItem.m; sourceTree = "<group>"; };
		AB3A91071650946A00C672E5 /* MYTableView.h */ = {isa = PBXFileReference; fileEncoding = 4; lastKnownFileType = sourcecode.c.h; path = MYTableView.h; sourceTree = "<group>"; };
		AB3A91081650946A00C672E5 /* MYTableView.m */ = {isa = PBXFileReference; fileEncoding = 4; lastKnownFileType = sourcecode.c.objc; path = MYTableView.m; sourceTree = "<group>"; };
		AB3A91091650946A00C672E5 /* MYView.h */ = {isa = PBXFileReference; fileEncoding = 4; lastKnownFileType = sourcecode.c.h; path = MYView.h; sourceTree = "<group>"; };
		AB3A910A1650946A00C672E5 /* MYView.m */ = {isa = PBXFileReference; fileEncoding = 4; lastKnownFileType = sourcecode.c.objc; path = MYView.m; sourceTree = "<group>"; };
		AB3A910B1650946A00C672E5 /* ValueCheckBoxView.h */ = {isa = PBXFileReference; fileEncoding = 4; lastKnownFileType = sourcecode.c.h; path = ValueCheckBoxView.h; sourceTree = "<group>"; };
		AB3A910C1650946A00C672E5 /* ValueCheckBoxView.m */ = {isa = PBXFileReference; fileEncoding = 4; lastKnownFileType = sourcecode.c.objc; path = ValueCheckBoxView.m; sourceTree = "<group>"; };
		AB3A910D1650946A00C672E5 /* ValueCheckBoxViewDefine.h */ = {isa = PBXFileReference; fileEncoding = 4; lastKnownFileType = sourcecode.c.h; path = ValueCheckBoxViewDefine.h; sourceTree = "<group>"; };
		AB3A910E1650946A00C672E5 /* ValueCheckBoxViewDelegate.h */ = {isa = PBXFileReference; fileEncoding = 4; lastKnownFileType = sourcecode.c.h; path = ValueCheckBoxViewDelegate.h; sourceTree = "<group>"; };
		AB3A91101650946A00C672E5 /* MYNavigationController.h */ = {isa = PBXFileReference; fileEncoding = 4; lastKnownFileType = sourcecode.c.h; path = MYNavigationController.h; sourceTree = "<group>"; };
		AB3A91111650946A00C672E5 /* MYNavigationController.m */ = {isa = PBXFileReference; fileEncoding = 4; lastKnownFileType = sourcecode.c.objc; path = MYNavigationController.m; sourceTree = "<group>"; };
		AB3A91121650946A00C672E5 /* MYBroadcast.h */ = {isa = PBXFileReference; fileEncoding = 4; lastKnownFileType = sourcecode.c.h; path = MYBroadcast.h; sourceTree = "<group>"; };
		AB3A91131650946A00C672E5 /* MYBroadcast.m */ = {isa = PBXFileReference; fileEncoding = 4; lastKnownFileType = sourcecode.c.objc; path = MYBroadcast.m; sourceTree = "<group>"; };
		AB3A91141650946A00C672E5 /* MYBroadcastCenter.h */ = {isa = PBXFileReference; fileEncoding = 4; lastKnownFileType = sourcecode.c.h; path = MYBroadcastCenter.h; sourceTree = "<group>"; };
		AB3A91151650946A00C672E5 /* MYBroadcastCenter.m */ = {isa = PBXFileReference; fileEncoding = 4; lastKnownFileType = sourcecode.c.objc; path = MYBroadcastCenter.m; sourceTree = "<group>"; };
		AB3A91161650946A00C672E5 /* MYViewController.h */ = {isa = PBXFileReference; fileEncoding = 4; lastKnownFileType = sourcecode.c.h; path = MYViewController.h; sourceTree = "<group>"; };
		AB3A91171650946A00C672E5 /* MYViewController.m */ = {isa = PBXFileReference; fileEncoding = 4; lastKnownFileType = sourcecode.c.objc; path = MYViewController.m; sourceTree = "<group>"; };
		AB3A91181650946A00C672E5 /* NSObject+MYBroadcast.h */ = {isa = PBXFileReference; fileEncoding = 4; lastKnownFileType = sourcecode.c.h; path = "NSObject+MYBroadcast.h"; sourceTree = "<group>"; };
		AB3A91191650946A00C672E5 /* NSObject+MYBroadcast.m */ = {isa = PBXFileReference; fileEncoding = 4; lastKnownFileType = sourcecode.c.objc; path = "NSObject+MYBroadcast.m"; sourceTree = "<group>"; };
		AB485AC0166F17460031747E /* pointer@2x.png */ = {isa = PBXFileReference; lastKnownFileType = image.png; path = "pointer@2x.png"; sourceTree = "<group>"; };
		AB485AC1166F17460031747E /* ruler@2x.png */ = {isa = PBXFileReference; lastKnownFileType = image.png; path = "ruler@2x.png"; sourceTree = "<group>"; };
		AB63DA7916638BC8006CA284 /* MYRoute.h */ = {isa = PBXFileReference; fileEncoding = 4; lastKnownFileType = sourcecode.c.h; path = MYRoute.h; sourceTree = "<group>"; };
		AB63DA7A16638BC8006CA284 /* MYRoute.m */ = {isa = PBXFileReference; fileEncoding = 4; lastKnownFileType = sourcecode.c.objc; path = MYRoute.m; sourceTree = "<group>"; };
		AB63DA7D16638D67006CA284 /* MYRouteCenter.h */ = {isa = PBXFileReference; fileEncoding = 4; lastKnownFileType = sourcecode.c.h; path = MYRouteCenter.h; sourceTree = "<group>"; };
		AB63DA7E16638D67006CA284 /* MYRouteCenter.m */ = {isa = PBXFileReference; fileEncoding = 4; lastKnownFileType = sourcecode.c.objc; path = MYRouteCenter.m; sourceTree = "<group>"; };
		AB63DA801663922A006CA284 /* NSObject+MYRoute.h */ = {isa = PBXFileReference; fileEncoding = 4; lastKnownFileType = sourcecode.c.h; path = "NSObject+MYRoute.h"; sourceTree = "<group>"; };
		AB63DA811663922A006CA284 /* NSObject+MYRoute.m */ = {isa = PBXFileReference; fileEncoding = 4; lastKnownFileType = sourcecode.c.objc; path = "NSObject+MYRoute.m"; sourceTree = "<group>"; };
		AB9BB3B5165DABBF00F56628 /* MYViewControllerDelegate.h */ = {isa = PBXFileReference; lastKnownFileType = sourcecode.c.h; path = MYViewControllerDelegate.h; sourceTree = "<group>"; };
		ABEEE92E16512A360002BC58 /* MYFramework.h */ = {isa = PBXFileReference; lastKnownFileType = sourcecode.c.h; path = MYFramework.h; sourceTree = "<group>"; };
		ABFEDC4E16645BBD0053A5BC /* MYFramework-Prefix.pch */ = {isa = PBXFileReference; fileEncoding = 4; lastKnownFileType = sourcecode.c.h; path = "MYFramework-Prefix.pch"; sourceTree = "<group>"; };
		D49B9F6386094C51AD178C53 /* libPods.a */ = {isa = PBXFileReference; explicitFileType = archive.ar; includeInIndex = 0; path = libPods.a; sourceTree = BUILT_PRODUCTS_DIR; };
/* End PBXFileReference section */

/* Begin PBXFrameworksBuildPhase section */
		AB3A90CD165092CF00C672E5 /* Frameworks */ = {
			isa = PBXFrameworksBuildPhase;
			buildActionMask = 2147483647;
			files = (
				AB3A90D5165092CF00C672E5 /* UIKit.framework in Frameworks */,
				AB3A90D7165092CF00C672E5 /* Foundation.framework in Frameworks */,
				AB3A90D9165092CF00C672E5 /* CoreGraphics.framework in Frameworks */,
				7933CA3A1649409FB02E5769 /* libPods.a in Frameworks */,
			);
			runOnlyForDeploymentPostprocessing = 0;
		};
/* End PBXFrameworksBuildPhase section */

/* Begin PBXGroup section */
		AB3A90C5165092CF00C672E5 = {
			isa = PBXGroup;
			children = (
				AB3A91011650946A00C672E5 /* src */,
				AB3A90DA165092CF00C672E5 /* MYFrameworkDemo */,
				AB3A90D3165092CF00C672E5 /* Frameworks */,
				AB3A90D1165092CF00C672E5 /* Products */,
				64ACB4F4102D4439A827EFF3 /* Pods.xcconfig */,
			);
			sourceTree = "<group>";
		};
		AB3A90D1165092CF00C672E5 /* Products */ = {
			isa = PBXGroup;
			children = (
				AB3A90D0165092CF00C672E5 /* MYFrameworkDemo.app */,
			);
			name = Products;
			sourceTree = "<group>";
		};
		AB3A90D3165092CF00C672E5 /* Frameworks */ = {
			isa = PBXGroup;
			children = (
				AB3A90D4165092CF00C672E5 /* UIKit.framework */,
				AB3A90D6165092CF00C672E5 /* Foundation.framework */,
				AB3A90D8165092CF00C672E5 /* CoreGraphics.framework */,
				D49B9F6386094C51AD178C53 /* libPods.a */,
			);
			name = Frameworks;
			sourceTree = "<group>";
		};
		AB3A90DA165092CF00C672E5 /* MYFrameworkDemo */ = {
			isa = PBXGroup;
			children = (
				AB485ABC166F17460031747E /* resources */,
				AB3A90E3165092CF00C672E5 /* AppDelegate.h */,
				AB3A90E4165092CF00C672E5 /* AppDelegate.m */,
				AB3A90EC165092CF00C672E5 /* ViewController.h */,
				AB3A90ED165092CF00C672E5 /* ViewController.m */,
				AB3A90EF165092CF00C672E5 /* ViewController.xib */,
				AB3A90DB165092CF00C672E5 /* Supporting Files */,
			);
			path = MYFrameworkDemo;
			sourceTree = "<group>";
		};
		AB3A90DB165092CF00C672E5 /* Supporting Files */ = {
			isa = PBXGroup;
			children = (
				AB3A90DC165092CF00C672E5 /* MYFrameworkDemo-Info.plist */,
				AB3A90DD165092CF00C672E5 /* InfoPlist.strings */,
				AB3A90E0165092CF00C672E5 /* main.m */,
				AB3A90E2165092CF00C672E5 /* MYFrameworkDemo-Prefix.pch */,
				AB3A90E6165092CF00C672E5 /* Default.png */,
				AB3A90E8165092CF00C672E5 /* Default@2x.png */,
				AB3A90EA165092CF00C672E5 /* Default-568h@2x.png */,
			);
			name = "Supporting Files";
			sourceTree = "<group>";
		};
		AB3A91011650946A00C672E5 /* src */ = {
			isa = PBXGroup;
			children = (
				AB3A91021650946A00C672E5 /* MYView */,
				AB3A910F1650946A00C672E5 /* MYViewController */,
				ABEEE92E16512A360002BC58 /* MYFramework.h */,
				ABFEDC4E16645BBD0053A5BC /* MYFramework-Prefix.pch */,
			);
			name = src;
			path = ../../src;
			sourceTree = "<group>";
		};
		AB3A91021650946A00C672E5 /* MYView */ = {
			isa = PBXGroup;
			children = (
				AB3A91031650946A00C672E5 /* CustomTabBar.h */,
				AB3A91041650946A00C672E5 /* CustomTabBar.m */,
				AB3A91051650946A00C672E5 /* CustomTabBarItem.h */,
				AB3A91061650946A00C672E5 /* CustomTabBarItem.m */,
				AB3443A61654B2F600F77740 /* MYDateSwitcher.h */,
				AB3443A71654B2F600F77740 /* MYDateSwitcher.m */,
				AB3443A81654B2F600F77740 /* MYDateSwitcherDefine.h */,
				AB3A91071650946A00C672E5 /* MYTableView.h */,
				AB3A91081650946A00C672E5 /* MYTableView.m */,
				AB3A91091650946A00C672E5 /* MYView.h */,
				AB3A910A1650946A00C672E5 /* MYView.m */,
				AB3A910B1650946A00C672E5 /* ValueCheckBoxView.h */,
				AB3A910C1650946A00C672E5 /* ValueCheckBoxView.m */,
				AB3A910D1650946A00C672E5 /* ValueCheckBoxViewDefine.h */,
				AB3A910E1650946A00C672E5 /* ValueCheckBoxViewDelegate.h */,
			);
			path = MYView;
			sourceTree = "<group>";
		};
		AB3A910F1650946A00C672E5 /* MYViewController */ = {
			isa = PBXGroup;
			children = (
				AB3A91101650946A00C672E5 /* MYNavigationController.h */,
				AB3A91111650946A00C672E5 /* MYNavigationController.m */,
				AB3A91121650946A00C672E5 /* MYBroadcast.h */,
				AB3A91131650946A00C672E5 /* MYBroadcast.m */,
				AB3A91141650946A00C672E5 /* MYBroadcastCenter.h */,
				AB3A91151650946A00C672E5 /* MYBroadcastCenter.m */,
				AB3A91161650946A00C672E5 /* MYViewController.h */,
				AB3A91171650946A00C672E5 /* MYViewController.m */,
				AB9BB3B5165DABBF00F56628 /* MYViewControllerDelegate.h */,
				AB3A91181650946A00C672E5 /* NSObject+MYBroadcast.h */,
				AB3A91191650946A00C672E5 /* NSObject+MYBroadcast.m */,
				AB63DA7916638BC8006CA284 /* MYRoute.h */,
				AB63DA7A16638BC8006CA284 /* MYRoute.m */,
				AB63DA7D16638D67006CA284 /* MYRouteCenter.h */,
				AB63DA7E16638D67006CA284 /* MYRouteCenter.m */,
				AB63DA801663922A006CA284 /* NSObject+MYRoute.h */,
				AB63DA811663922A006CA284 /* NSObject+MYRoute.m */,
			);
			path = MYViewController;
			sourceTree = "<group>";
		};
		AB485ABC166F17460031747E /* resources */ = {
			isa = PBXGroup;
			children = (
				AB485ABD166F17460031747E /* ui */,
			);
			name = resources;
			path = ../../../resources;
			sourceTree = "<group>";
		};
		AB485ABD166F17460031747E /* ui */ = {
			isa = PBXGroup;
			children = (
				AB485ABE166F17460031747E /* Images */,
			);
			path = ui;
			sourceTree = "<group>";
		};
		AB485ABE166F17460031747E /* Images */ = {
			isa = PBXGroup;
			children = (
				AB485ABF166F17460031747E /* ValueCheckBoxView */,
			);
			path = Images;
			sourceTree = "<group>";
		};
		AB485ABF166F17460031747E /* ValueCheckBoxView */ = {
			isa = PBXGroup;
			children = (
				AB485AC0166F17460031747E /* pointer@2x.png */,
				AB485AC1166F17460031747E /* ruler@2x.png */,
			);
			path = ValueCheckBoxView;
			sourceTree = "<group>";
		};
/* End PBXGroup section */

/* Begin PBXNativeTarget section */
		AB3A90CF165092CF00C672E5 /* MYFrameworkDemo */ = {
			isa = PBXNativeTarget;
			buildConfigurationList = AB3A90F4165092CF00C672E5 /* Build configuration list for PBXNativeTarget "MYFrameworkDemo" */;
			buildPhases = (
				AB3A90CC165092CF00C672E5 /* Sources */,
				AB3A90CD165092CF00C672E5 /* Frameworks */,
				AB3A90CE165092CF00C672E5 /* Resources */,
				C377296E062343AEACBA0C2D /* Copy Pods Resources */,
			);
			buildRules = (
			);
			dependencies = (
			);
			name = MYFrameworkDemo;
			productName = MYFrameworkDemo;
			productReference = AB3A90D0165092CF00C672E5 /* MYFrameworkDemo.app */;
			productType = "com.apple.product-type.application";
		};
/* End PBXNativeTarget section */

/* Begin PBXProject section */
		AB3A90C7165092CF00C672E5 /* Project object */ = {
			isa = PBXProject;
			attributes = {
				LastUpgradeCheck = 0450;
				ORGANIZATIONNAME = BOOHEE;
			};
			buildConfigurationList = AB3A90CA165092CF00C672E5 /* Build configuration list for PBXProject "MYFrameworkDemo" */;
			compatibilityVersion = "Xcode 3.2";
			developmentRegion = English;
			hasScannedForEncodings = 0;
			knownRegions = (
				en,
			);
			mainGroup = AB3A90C5165092CF00C672E5;
			productRefGroup = AB3A90D1165092CF00C672E5 /* Products */;
			projectDirPath = "";
			projectRoot = "";
			targets = (
				AB3A90CF165092CF00C672E5 /* MYFrameworkDemo */,
			);
		};
/* End PBXProject section */

/* Begin PBXResourcesBuildPhase section */
		AB3A90CE165092CF00C672E5 /* Resources */ = {
			isa = PBXResourcesBuildPhase;
			buildActionMask = 2147483647;
			files = (
				AB3A90DF165092CF00C672E5 /* InfoPlist.strings in Resources */,
				AB3A90E7165092CF00C672E5 /* Default.png in Resources */,
				AB3A90E9165092CF00C672E5 /* Default@2x.png in Resources */,
				AB3A90EB165092CF00C672E5 /* Default-568h@2x.png in Resources */,
				AB3A90F1165092CF00C672E5 /* ViewController.xib in Resources */,
				AB485AC2166F17460031747E /* pointer@2x.png in Resources */,
				AB485AC3166F17460031747E /* ruler@2x.png in Resources */,
			);
			runOnlyForDeploymentPostprocessing = 0;
		};
/* End PBXResourcesBuildPhase section */

/* Begin PBXShellScriptBuildPhase section */
		C377296E062343AEACBA0C2D /* Copy Pods Resources */ = {
			isa = PBXShellScriptBuildPhase;
			buildActionMask = 2147483647;
			files = (
			);
			inputPaths = (
			);
			name = "Copy Pods Resources";
			outputPaths = (
			);
			runOnlyForDeploymentPostprocessing = 0;
			shellPath = /bin/sh;
			shellScript = "\"${SRCROOT}/../../Pods/Pods-resources.sh\"\n";
		};
/* End PBXShellScriptBuildPhase section */

/* Begin PBXSourcesBuildPhase section */
		AB3A90CC165092CF00C672E5 /* Sources */ = {
			isa = PBXSourcesBuildPhase;
			buildActionMask = 2147483647;
			files = (
				AB3A90E1165092CF00C672E5 /* main.m in Sources */,
				AB3A90E5165092CF00C672E5 /* AppDelegate.m in Sources */,
				AB3A90EE165092CF00C672E5 /* ViewController.m in Sources */,
				AB3A911A1650946A00C672E5 /* CustomTabBar.m in Sources */,
				AB3A911B1650946A00C672E5 /* CustomTabBarItem.m in Sources */,
				AB3A911C1650946A00C672E5 /* MYTableView.m in Sources */,
				AB3A911D1650946A00C672E5 /* MYView.m in Sources */,
				AB3A911E1650946A00C672E5 /* ValueCheckBoxView.m in Sources */,
				AB3A911F1650946A00C672E5 /* MYNavigationController.m in Sources */,
				AB3A91201650946A00C672E5 /* MYBroadcast.m in Sources */,
				AB3A91211650946A00C672E5 /* MYBroadcastCenter.m in Sources */,
				AB3A91221650946A00C672E5 /* MYViewController.m in Sources */,
				AB3A91231650946A00C672E5 /* NSObject+MYBroadcast.m in Sources */,
				AB3443A91654B2F600F77740 /* MYDateSwitcher.m in Sources */,
				AB63DA7B16638BC8006CA284 /* MYRoute.m in Sources */,
				AB63DA7F16638D67006CA284 /* MYRouteCenter.m in Sources */,
				AB63DA821663922B006CA284 /* NSObject+MYRoute.m in Sources */,
			);
			runOnlyForDeploymentPostprocessing = 0;
		};
/* End PBXSourcesBuildPhase section */

/* Begin PBXVariantGroup section */
		AB3A90DD165092CF00C672E5 /* InfoPlist.strings */ = {
			isa = PBXVariantGroup;
			children = (
				AB3A90DE165092CF00C672E5 /* en */,
			);
			name = InfoPlist.strings;
			sourceTree = "<group>";
		};
		AB3A90EF165092CF00C672E5 /* ViewController.xib */ = {
			isa = PBXVariantGroup;
			children = (
				AB3A90F0165092CF00C672E5 /* en */,
			);
			name = ViewController.xib;
			sourceTree = "<group>";
		};
/* End PBXVariantGroup section */

/* Begin XCBuildConfiguration section */
		AB3A90F2165092CF00C672E5 /* Debug */ = {
			isa = XCBuildConfiguration;
			buildSettings = {
				ALWAYS_SEARCH_USER_PATHS = NO;
				CLANG_CXX_LANGUAGE_STANDARD = "gnu++0x";
				CLANG_CXX_LIBRARY = "libc++";
				CLANG_WARN_EMPTY_BODY = YES;
				CLANG_WARN__DUPLICATE_METHOD_MATCH = YES;
				"CODE_SIGN_IDENTITY[sdk=iphoneos*]" = "iPhone Developer";
				COPY_PHASE_STRIP = NO;
				GCC_C_LANGUAGE_STANDARD = gnu99;
				GCC_DYNAMIC_NO_PIC = NO;
				GCC_OPTIMIZATION_LEVEL = 0;
				GCC_PREPROCESSOR_DEFINITIONS = (
					"DEBUG=1",
					"$(inherited)",
				);
				GCC_SYMBOLS_PRIVATE_EXTERN = NO;
				GCC_WARN_ABOUT_RETURN_TYPE = YES;
				GCC_WARN_UNINITIALIZED_AUTOS = YES;
				GCC_WARN_UNUSED_VARIABLE = YES;
				IPHONEOS_DEPLOYMENT_TARGET = 6.0;
				ONLY_ACTIVE_ARCH = YES;
				SDKROOT = iphoneos;
			};
			name = Debug;
		};
		AB3A90F3165092CF00C672E5 /* Release */ = {
			isa = XCBuildConfiguration;
			buildSettings = {
				ALWAYS_SEARCH_USER_PATHS = NO;
				CLANG_CXX_LANGUAGE_STANDARD = "gnu++0x";
				CLANG_CXX_LIBRARY = "libc++";
				CLANG_WARN_EMPTY_BODY = YES;
				CLANG_WARN__DUPLICATE_METHOD_MATCH = YES;
				"CODE_SIGN_IDENTITY[sdk=iphoneos*]" = "iPhone Developer";
				COPY_PHASE_STRIP = YES;
				GCC_C_LANGUAGE_STANDARD = gnu99;
				GCC_WARN_ABOUT_RETURN_TYPE = YES;
				GCC_WARN_UNINITIALIZED_AUTOS = YES;
				GCC_WARN_UNUSED_VARIABLE = YES;
				IPHONEOS_DEPLOYMENT_TARGET = 6.0;
				OTHER_CFLAGS = "-DNS_BLOCK_ASSERTIONS=1";
				SDKROOT = iphoneos;
				VALIDATE_PRODUCT = YES;
			};
			name = Release;
		};
		AB3A90F5165092CF00C672E5 /* Debug */ = {
			isa = XCBuildConfiguration;
			baseConfigurationReference = 64ACB4F4102D4439A827EFF3 /* Pods.xcconfig */;
			buildSettings = {
				GCC_PRECOMPILE_PREFIX_HEADER = YES;
				GCC_PREFIX_HEADER = "MYFrameworkDemo/MYFrameworkDemo-Prefix.pch";
				INFOPLIST_FILE = "MYFrameworkDemo/MYFrameworkDemo-Info.plist";
				IPHONEOS_DEPLOYMENT_TARGET = 4.3;
				PRODUCT_NAME = "$(TARGET_NAME)";
				WRAPPER_EXTENSION = app;
			};
			name = Debug;
		};
		AB3A90F6165092CF00C672E5 /* Release */ = {
			isa = XCBuildConfiguration;
			baseConfigurationReference = 64ACB4F4102D4439A827EFF3 /* Pods.xcconfig */;
			buildSettings = {
				GCC_PRECOMPILE_PREFIX_HEADER = YES;
				GCC_PREFIX_HEADER = "MYFrameworkDemo/MYFrameworkDemo-Prefix.pch";
				INFOPLIST_FILE = "MYFrameworkDemo/MYFrameworkDemo-Info.plist";
				IPHONEOS_DEPLOYMENT_TARGET = 4.3;
				PRODUCT_NAME = "$(TARGET_NAME)";
				WRAPPER_EXTENSION = app;
			};
			name = Release;
		};
/* End XCBuildConfiguration section */

/* Begin XCConfigurationList section */
		AB3A90CA165092CF00C672E5 /* Build configuration list for PBXProject "MYFrameworkDemo" */ = {
			isa = XCConfigurationList;
			buildConfigurations = (
				AB3A90F2165092CF00C672E5 /* Debug */,
				AB3A90F3165092CF00C672E5 /* Release */,
			);
			defaultConfigurationIsVisible = 0;
			defaultConfigurationName = Release;
		};
		AB3A90F4165092CF00C672E5 /* Build configuration list for PBXNativeTarget "MYFrameworkDemo" */ = {
			isa = XCConfigurationList;
			buildConfigurations = (
				AB3A90F5165092CF00C672E5 /* Debug */,
				AB3A90F6165092CF00C672E5 /* Release */,
			);
			defaultConfigurationIsVisible = 0;
			defaultConfigurationName = Release;
		};
/* End XCConfigurationList section */
	};
	rootObject = AB3A90C7165092CF00C672E5 /* Project object */;
}
