// !$*UTF8*$!
{
	archiveVersion = 1;
	classes = {
	};
	objectVersion = 46;
	objects = {

/* Begin PBXBuildFile section */
		7933CA3A1649409FB02E5769 /* libPods.a in Frameworks */ = {isa = PBXBuildFile; fileRef = D49B9F6386094C51AD178C53 /* libPods.a */; };
		AB0178D816836C0E00DE4498 /* MYNavigationControllerAnimationFactory.m in Sources */ = {isa = PBXBuildFile; fileRef = AB0178D716836C0E00DE4498 /* MYNavigationControllerAnimationFactory.m */; };
		AB06B79016CF4E3300450A0E /* MYDbFetcher.m in Sources */ = {isa = PBXBuildFile; fileRef = AB06B78F16CF4E3300450A0E /* MYDbFetcher.m */; };
		AB06B79316CF4F1F00450A0E /* MYJsonAccess.m in Sources */ = {isa = PBXBuildFile; fileRef = AB06B79216CF4F1E00450A0E /* MYJsonAccess.m */; };
		AB06B79616CF514E00450A0E /* ASIHTTPRequest+MYSign.m in Sources */ = {isa = PBXBuildFile; fileRef = AB06B79516CF514E00450A0E /* ASIHTTPRequest+MYSign.m */; };
		AB06B79C16CF6CC900450A0E /* MYDbFetcher+MYEntry.m in Sources */ = {isa = PBXBuildFile; fileRef = AB06B79B16CF6CC900450A0E /* MYDbFetcher+MYEntry.m */; };
		AB1F15761680336F00E55E77 /* ValueCheckBoxViewCellRuler.m in Sources */ = {isa = PBXBuildFile; fileRef = AB1F15751680336F00E55E77 /* ValueCheckBoxViewCellRuler.m */; };
		AB3443A91654B2F600F77740 /* MYDateSwitcher.m in Sources */ = {isa = PBXBuildFile; fileRef = AB3443A71654B2F600F77740 /* MYDateSwitcher.m */; };
		AB3A90D5165092CF00C672E5 /* UIKit.framework in Frameworks */ = {isa = PBXBuildFile; fileRef = AB3A90D4165092CF00C672E5 /* UIKit.framework */; };
		AB3A90D7165092CF00C672E5 /* Foundation.framework in Frameworks */ = {isa = PBXBuildFile; fileRef = AB3A90D6165092CF00C672E5 /* Foundation.framework */; };
		AB3A90D9165092CF00C672E5 /* CoreGraphics.framework in Frameworks */ = {isa = PBXBuildFile; fileRef = AB3A90D8165092CF00C672E5 /* CoreGraphics.framework */; };
		AB3A90DF165092CF00C672E5 /* InfoPlist.strings in Resources */ = {isa = PBXBuildFile; fileRef = AB3A90DD165092CF00C672E5 /* InfoPlist.strings */; };
		AB3A90E1165092CF00C672E5 /* main.m in Sources */ = {isa = PBXBuildFile; fileRef = AB3A90E0165092CF00C672E5 /* main.m */; };
		AB3A90E5165092CF00C672E5 /* AppDelegate.m in Sources */ = {isa = PBXBuildFile; fileRef = AB3A90E4165092CF00C672E5 /* AppDelegate.m */; };
		AB3A90E7165092CF00C672E5 /* Default.png in Resources */ = {isa = PBXBuildFile; fileRef = AB3A90E6165092CF00C672E5 /* Default.png */; };
		AB3A90E9165092CF00C672E5 /* Default@2x.png in Resources */ = {isa = PBXBuildFile; fileRef = AB3A90E8165092CF00C672E5 /* Default@2x.png */; };
		AB3A90EB165092CF00C672E5 /* Default-568h@2x.png in Resources */ = {isa = PBXBuildFile; fileRef = AB3A90EA165092CF00C672E5 /* Default-568h@2x.png */; };
		AB3A90EE165092CF00C672E5 /* ViewController.m in Sources */ = {isa = PBXBuildFile; fileRef = AB3A90ED165092CF00C672E5 /* ViewController.m */; };
		AB3A90F1165092CF00C672E5 /* ViewController.xib in Resources */ = {isa = PBXBuildFile; fileRef = AB3A90EF165092CF00C672E5 /* ViewController.xib */; };
		AB3A911A1650946A00C672E5 /* CustomTabBar.m in Sources */ = {isa = PBXBuildFile; fileRef = AB3A91041650946A00C672E5 /* CustomTabBar.m */; };
		AB3A911B1650946A00C672E5 /* CustomTabBarItem.m in Sources */ = {isa = PBXBuildFile; fileRef = AB3A91061650946A00C672E5 /* CustomTabBarItem.m */; };
		AB3A911C1650946A00C672E5 /* MYTableView.m in Sources */ = {isa = PBXBuildFile; fileRef = AB3A91081650946A00C672E5 /* MYTableView.m */; };
		AB3A911D1650946A00C672E5 /* MYView.m in Sources */ = {isa = PBXBuildFile; fileRef = AB3A910A1650946A00C672E5 /* MYView.m */; };
		AB3A911E1650946A00C672E5 /* ValueCheckBoxView.m in Sources */ = {isa = PBXBuildFile; fileRef = AB3A910C1650946A00C672E5 /* ValueCheckBoxView.m */; };
		AB3A911F1650946A00C672E5 /* MYNavigationController.m in Sources */ = {isa = PBXBuildFile; fileRef = AB3A91111650946A00C672E5 /* MYNavigationController.m */; };
		AB3A91221650946A00C672E5 /* MYViewController.m in Sources */ = {isa = PBXBuildFile; fileRef = AB3A91171650946A00C672E5 /* MYViewController.m */; };
		AB485AC2166F17460031747E /* pointer@2x.png in Resources */ = {isa = PBXBuildFile; fileRef = AB485AC0166F17460031747E /* pointer@2x.png */; };
		AB485AC3166F17460031747E /* ruler@2x.png in Resources */ = {isa = PBXBuildFile; fileRef = AB485AC1166F17460031747E /* ruler@2x.png */; };
		AB76FE7216B7D19400128E0A /* MYBroadcast.m in Sources */ = {isa = PBXBuildFile; fileRef = AB76FE5B16B7D19400128E0A /* MYBroadcast.m */; };
		AB76FE7316B7D19400128E0A /* MYBroadcastCenter.m in Sources */ = {isa = PBXBuildFile; fileRef = AB76FE5D16B7D19400128E0A /* MYBroadcastCenter.m */; };
		AB76FE7416B7D19400128E0A /* MYRoute.m in Sources */ = {isa = PBXBuildFile; fileRef = AB76FE5F16B7D19400128E0A /* MYRoute.m */; };
		AB76FE7516B7D19400128E0A /* MYRouteCenter.m in Sources */ = {isa = PBXBuildFile; fileRef = AB76FE6116B7D19400128E0A /* MYRouteCenter.m */; };
		AB76FE7616B7D19400128E0A /* NSObject+MYBroadcast.m in Sources */ = {isa = PBXBuildFile; fileRef = AB76FE6316B7D19400128E0A /* NSObject+MYBroadcast.m */; };
		AB76FE7716B7D19400128E0A /* NSObject+MYRoute.m in Sources */ = {isa = PBXBuildFile; fileRef = AB76FE6516B7D19400128E0A /* NSObject+MYRoute.m */; };
		AB76FE8816B7D25B00128E0A /* FMDatabase+MYAdditions.m in Sources */ = {isa = PBXBuildFile; fileRef = AB76FE7D16B7D25B00128E0A /* FMDatabase+MYAdditions.m */; };
		AB76FE8916B7D25B00128E0A /* MYSandbox.m in Sources */ = {isa = PBXBuildFile; fileRef = AB76FE8116B7D25B00128E0A /* MYSandbox.m */; };
		AB76FE8A16B7D25B00128E0A /* NSDictionary+KeyExtends.m in Sources */ = {isa = PBXBuildFile; fileRef = AB76FE8516B7D25B00128E0A /* NSDictionary+KeyExtends.m */; };
		AB76FE8B16B7D25B00128E0A /* NSObject+MYProperty.m in Sources */ = {isa = PBXBuildFile; fileRef = AB76FE8716B7D25B00128E0A /* NSObject+MYProperty.m */; };
		AB76FE9D16B7D7E500128E0A /* MYEntry+DatabaseReader.m in Sources */ = {isa = PBXBuildFile; fileRef = AB76FE8E16B7D7E500128E0A /* MYEntry+DatabaseReader.m */; };
		AB76FE9E16B7D7E500128E0A /* MYEntry+DatabaseWriter.m in Sources */ = {isa = PBXBuildFile; fileRef = AB76FE9016B7D7E500128E0A /* MYEntry+DatabaseWriter.m */; };
		AB76FE9F16B7D7E500128E0A /* MYEntry+JsonAccess.m in Sources */ = {isa = PBXBuildFile; fileRef = AB76FE9216B7D7E500128E0A /* MYEntry+JsonAccess.m */; };
		AB76FEA016B7D7E500128E0A /* MYEntry.m in Sources */ = {isa = PBXBuildFile; fileRef = AB76FE9416B7D7E500128E0A /* MYEntry.m */; };
		AB76FEA216B7D7E500128E0A /* MYEntryDbSchema.m in Sources */ = {isa = PBXBuildFile; fileRef = AB76FE9816B7D7E500128E0A /* MYEntryDbSchema.m */; };
		AB76FEA316B7D7E500128E0A /* MYUserEntry.m in Sources */ = {isa = PBXBuildFile; fileRef = AB76FE9A16B7D7E500128E0A /* MYUserEntry.m */; };
		AB76FEA416B7D7E500128E0A /* MYUserEntryLog.m in Sources */ = {isa = PBXBuildFile; fileRef = AB76FE9C16B7D7E500128E0A /* MYUserEntryLog.m */; };
		AB76FEA816B8A65D00128E0A /* MYViewModel.m in Sources */ = {isa = PBXBuildFile; fileRef = AB76FEA716B8A65D00128E0A /* MYViewModel.m */; };
		AB9E55E616BF4F8D008D733B /* MYBundle.m in Sources */ = {isa = PBXBuildFile; fileRef = AB9E55E516BF4F8D008D733B /* MYBundle.m */; };
		AB9E565016BFC5AE008D733B /* MYInputField.m in Sources */ = {isa = PBXBuildFile; fileRef = AB9E564716BFC5AE008D733B /* MYInputField.m */; };
		AB9E565116BFC5AE008D733B /* MYInputFieldEmail.m in Sources */ = {isa = PBXBuildFile; fileRef = AB9E564B16BFC5AE008D733B /* MYInputFieldEmail.m */; };
		AB9E565216BFC5AE008D733B /* MYInputFieldNumber.m in Sources */ = {isa = PBXBuildFile; fileRef = AB9E564D16BFC5AE008D733B /* MYInputFieldNumber.m */; };
		AB9E565316BFC5AE008D733B /* MYInputFieldText.m in Sources */ = {isa = PBXBuildFile; fileRef = AB9E564F16BFC5AE008D733B /* MYInputFieldText.m */; };
		AB9E565616BFD1D1008D733B /* MYInputFieldCellPhone.m in Sources */ = {isa = PBXBuildFile; fileRef = AB9E565516BFD1D0008D733B /* MYInputFieldCellPhone.m */; };
		ABC21630168DA10D00BB4356 /* ScrollTextLabel.m in Sources */ = {isa = PBXBuildFile; fileRef = ABC2162F168DA10D00BB4356 /* ScrollTextLabel.m */; };
		EC6B87D1167ACA160068798C /* unitBackground@2x.png in Resources */ = {isa = PBXBuildFile; fileRef = EC6B87CF167ACA160068798C /* unitBackground@2x.png */; };
		EC6B87D2167ACA160068798C /* unitPointer@2x.png in Resources */ = {isa = PBXBuildFile; fileRef = EC6B87D0167ACA160068798C /* unitPointer@2x.png */; };
		ECC06D4A166F341400B6EA33 /* rulerBackground@2x.png in Resources */ = {isa = PBXBuildFile; fileRef = ECC06D49166F341400B6EA33 /* rulerBackground@2x.png */; };
		ECC06D4D166F3E2300B6EA33 /* rulerMask@2x.png in Resources */ = {isa = PBXBuildFile; fileRef = ECC06D4C166F3E2300B6EA33 /* rulerMask@2x.png */; };
/* End PBXBuildFile section */

/* Begin PBXFileReference section */
		64ACB4F4102D4439A827EFF3 /* Pods.xcconfig */ = {isa = PBXFileReference; includeInIndex = 1; lastKnownFileType = text.xcconfig; name = Pods.xcconfig; path = ../../Pods/Pods.xcconfig; sourceTree = SOURCE_ROOT; };
		AB0178D616836C0E00DE4498 /* MYNavigationControllerAnimationFactory.h */ = {isa = PBXFileReference; fileEncoding = 4; lastKnownFileType = sourcecode.c.h; path = MYNavigationControllerAnimationFactory.h; sourceTree = "<group>"; };
		AB0178D716836C0E00DE4498 /* MYNavigationControllerAnimationFactory.m */ = {isa = PBXFileReference; fileEncoding = 4; lastKnownFileType = sourcecode.c.objc; path = MYNavigationControllerAnimationFactory.m; sourceTree = "<group>"; };
		AB0178DA16836C3C00DE4498 /* MYNavigationControllerAnimationFactoryProtocol.h */ = {isa = PBXFileReference; fileEncoding = 4; lastKnownFileType = sourcecode.c.h; path = MYNavigationControllerAnimationFactoryProtocol.h; sourceTree = "<group>"; };
		AB06B78E16CF4E3300450A0E /* MYDbFetcher.h */ = {isa = PBXFileReference; fileEncoding = 4; lastKnownFileType = sourcecode.c.h; path = MYDbFetcher.h; sourceTree = "<group>"; };
		AB06B78F16CF4E3300450A0E /* MYDbFetcher.m */ = {isa = PBXFileReference; fileEncoding = 4; lastKnownFileType = sourcecode.c.objc; path = MYDbFetcher.m; sourceTree = "<group>"; };
		AB06B79116CF4F1E00450A0E /* MYJsonAccess.h */ = {isa = PBXFileReference; fileEncoding = 4; lastKnownFileType = sourcecode.c.h; path = MYJsonAccess.h; sourceTree = "<group>"; };
		AB06B79216CF4F1E00450A0E /* MYJsonAccess.m */ = {isa = PBXFileReference; fileEncoding = 4; lastKnownFileType = sourcecode.c.objc; path = MYJsonAccess.m; sourceTree = "<group>"; };
		AB06B79416CF514E00450A0E /* ASIHTTPRequest+MYSign.h */ = {isa = PBXFileReference; fileEncoding = 4; lastKnownFileType = sourcecode.c.h; path = "ASIHTTPRequest+MYSign.h"; sourceTree = "<group>"; };
		AB06B79516CF514E00450A0E /* ASIHTTPRequest+MYSign.m */ = {isa = PBXFileReference; fileEncoding = 4; lastKnownFileType = sourcecode.c.objc; path = "ASIHTTPRequest+MYSign.m"; sourceTree = "<group>"; };
		AB06B79A16CF6CC900450A0E /* MYDbFetcher+MYEntry.h */ = {isa = PBXFileReference; fileEncoding = 4; lastKnownFileType = sourcecode.c.h; path = "MYDbFetcher+MYEntry.h"; sourceTree = "<group>"; };
		AB06B79B16CF6CC900450A0E /* MYDbFetcher+MYEntry.m */ = {isa = PBXFileReference; fileEncoding = 4; lastKnownFileType = sourcecode.c.objc; path = "MYDbFetcher+MYEntry.m"; sourceTree = "<group>"; };
		AB1F15741680336F00E55E77 /* ValueCheckBoxViewCellRuler.h */ = {isa = PBXFileReference; fileEncoding = 4; lastKnownFileType = sourcecode.c.h; path = ValueCheckBoxViewCellRuler.h; sourceTree = "<group>"; };
		AB1F15751680336F00E55E77 /* ValueCheckBoxViewCellRuler.m */ = {isa = PBXFileReference; fileEncoding = 4; lastKnownFileType = sourcecode.c.objc; path = ValueCheckBoxViewCellRuler.m; sourceTree = "<group>"; };
		AB3443A61654B2F600F77740 /* MYDateSwitcher.h */ = {isa = PBXFileReference; fileEncoding = 4; lastKnownFileType = sourcecode.c.h; path = MYDateSwitcher.h; sourceTree = "<group>"; };
		AB3443A71654B2F600F77740 /* MYDateSwitcher.m */ = {isa = PBXFileReference; fileEncoding = 4; lastKnownFileType = sourcecode.c.objc; path = MYDateSwitcher.m; sourceTree = "<group>"; };
		AB3443A81654B2F600F77740 /* MYDateSwitcherDefine.h */ = {isa = PBXFileReference; fileEncoding = 4; lastKnownFileType = sourcecode.c.h; path = MYDateSwitcherDefine.h; sourceTree = "<group>"; };
		AB3A90D0165092CF00C672E5 /* MYFrameworkDemo.app */ = {isa = PBXFileReference; explicitFileType = wrapper.application; includeInIndex = 0; path = MYFrameworkDemo.app; sourceTree = BUILT_PRODUCTS_DIR; };
		AB3A90D4165092CF00C672E5 /* UIKit.framework */ = {isa = PBXFileReference; includeInIndex = 1; lastKnownFileType = wrapper.framework; name = UIKit.framework; path = System/Library/Frameworks/UIKit.framework; sourceTree = SDKROOT; };
		AB3A90D6165092CF00C672E5 /* Foundation.framework */ = {isa = PBXFileReference; includeInIndex = 1; lastKnownFileType = wrapper.framework; name = Foundation.framework; path = System/Library/Frameworks/Foundation.framework; sourceTree = SDKROOT; };
		AB3A90D8165092CF00C672E5 /* CoreGraphics.framework */ = {isa = PBXFileReference; includeInIndex = 1; lastKnownFileType = wrapper.framework; name = CoreGraphics.framework; path = System/Library/Frameworks/CoreGraphics.framework; sourceTree = SDKROOT; };
		AB3A90DC165092CF00C672E5 /* MYFrameworkDemo-Info.plist */ = {isa = PBXFileReference; lastKnownFileType = text.plist.xml; path = "MYFrameworkDemo-Info.plist"; sourceTree = "<group>"; };
		AB3A90DE165092CF00C672E5 /* en */ = {isa = PBXFileReference; lastKnownFileType = text.plist.strings; name = en; path = en.lproj/InfoPlist.strings; sourceTree = "<group>"; };
		AB3A90E0165092CF00C672E5 /* main.m */ = {isa = PBXFileReference; lastKnownFileType = sourcecode.c.objc; path = main.m; sourceTree = "<group>"; };
		AB3A90E2165092CF00C672E5 /* MYFrameworkDemo-Prefix.pch */ = {isa = PBXFileReference; lastKnownFileType = sourcecode.c.h; path = "MYFrameworkDemo-Prefix.pch"; sourceTree = "<group>"; };
		AB3A90E3165092CF00C672E5 /* AppDelegate.h */ = {isa = PBXFileReference; lastKnownFileType = sourcecode.c.h; path = AppDelegate.h; sourceTree = "<group>"; };
		AB3A90E4165092CF00C672E5 /* AppDelegate.m */ = {isa = PBXFileReference; lastKnownFileType = sourcecode.c.objc; path = AppDelegate.m; sourceTree = "<group>"; };
		AB3A90E6165092CF00C672E5 /* Default.png */ = {isa = PBXFileReference; lastKnownFileType = image.png; path = Default.png; sourceTree = "<group>"; };
		AB3A90E8165092CF00C672E5 /* Default@2x.png */ = {isa = PBXFileReference; lastKnownFileType = image.png; path = "Default@2x.png"; sourceTree = "<group>"; };
		AB3A90EA165092CF00C672E5 /* Default-568h@2x.png */ = {isa = PBXFileReference; lastKnownFileType = image.png; path = "Default-568h@2x.png"; sourceTree = "<group>"; };
		AB3A90EC165092CF00C672E5 /* ViewController.h */ = {isa = PBXFileReference; lastKnownFileType = sourcecode.c.h; path = ViewController.h; sourceTree = "<group>"; };
		AB3A90ED165092CF00C672E5 /* ViewController.m */ = {isa = PBXFileReference; lastKnownFileType = sourcecode.c.objc; path = ViewController.m; sourceTree = "<group>"; };
		AB3A90F0165092CF00C672E5 /* en */ = {isa = PBXFileReference; lastKnownFileType = file.xib; name = en; path = en.lproj/ViewController.xib; sourceTree = "<group>"; };
		AB3A91031650946A00C672E5 /* CustomTabBar.h */ = {isa = PBXFileReference; fileEncoding = 4; lastKnownFileType = sourcecode.c.h; path = CustomTabBar.h; sourceTree = "<group>"; };
		AB3A91041650946A00C672E5 /* CustomTabBar.m */ = {isa = PBXFileReference; fileEncoding = 4; lastKnownFileType = sourcecode.c.objc; path = CustomTabBar.m; sourceTree = "<group>"; };
		AB3A91051650946A00C672E5 /* CustomTabBarItem.h */ = {isa = PBXFileReference; fileEncoding = 4; lastKnownFileType = sourcecode.c.h; path = CustomTabBarItem.h; sourceTree = "<group>"; };
		AB3A91061650946A00C672E5 /* CustomTabBarItem.m */ = {isa = PBXFileReference; fileEncoding = 4; lastKnownFileType = sourcecode.c.objc; path = CustomTabBarItem.m; sourceTree = "<group>"; };
		AB3A91071650946A00C672E5 /* MYTableView.h */ = {isa = PBXFileReference; fileEncoding = 4; lastKnownFileType = sourcecode.c.h; path = MYTableView.h; sourceTree = "<group>"; };
		AB3A91081650946A00C672E5 /* MYTableView.m */ = {isa = PBXFileReference; fileEncoding = 4; lastKnownFileType = sourcecode.c.objc; path = MYTableView.m; sourceTree = "<group>"; };
		AB3A91091650946A00C672E5 /* MYView.h */ = {isa = PBXFileReference; fileEncoding = 4; lastKnownFileType = sourcecode.c.h; path = MYView.h; sourceTree = "<group>"; };
		AB3A910A1650946A00C672E5 /* MYView.m */ = {isa = PBXFileReference; fileEncoding = 4; lastKnownFileType = sourcecode.c.objc; path = MYView.m; sourceTree = "<group>"; };
		AB3A910B1650946A00C672E5 /* ValueCheckBoxView.h */ = {isa = PBXFileReference; fileEncoding = 4; lastKnownFileType = sourcecode.c.h; path = ValueCheckBoxView.h; sourceTree = "<group>"; };
		AB3A910C1650946A00C672E5 /* ValueCheckBoxView.m */ = {isa = PBXFileReference; fileEncoding = 4; lastKnownFileType = sourcecode.c.objc; path = ValueCheckBoxView.m; sourceTree = "<group>"; };
		AB3A910D1650946A00C672E5 /* ValueCheckBoxViewDefine.h */ = {isa = PBXFileReference; fileEncoding = 4; lastKnownFileType = sourcecode.c.h; path = ValueCheckBoxViewDefine.h; sourceTree = "<group>"; };
		AB3A910E1650946A00C672E5 /* ValueCheckBoxViewDelegate.h */ = {isa = PBXFileReference; fileEncoding = 4; lastKnownFileType = sourcecode.c.h; path = ValueCheckBoxViewDelegate.h; sourceTree = "<group>"; };
		AB3A91101650946A00C672E5 /* MYNavigationController.h */ = {isa = PBXFileReference; fileEncoding = 4; lastKnownFileType = sourcecode.c.h; path = MYNavigationController.h; sourceTree = "<group>"; };
		AB3A91111650946A00C672E5 /* MYNavigationController.m */ = {isa = PBXFileReference; fileEncoding = 4; lastKnownFileType = sourcecode.c.objc; path = MYNavigationController.m; sourceTree = "<group>"; };
		AB3A91161650946A00C672E5 /* MYViewController.h */ = {isa = PBXFileReference; fileEncoding = 4; lastKnownFileType = sourcecode.c.h; path = MYViewController.h; sourceTree = "<group>"; };
		AB3A91171650946A00C672E5 /* MYViewController.m */ = {isa = PBXFileReference; fileEncoding = 4; lastKnownFileType = sourcecode.c.objc; path = MYViewController.m; sourceTree = "<group>"; };
		AB485AC0166F17460031747E /* pointer@2x.png */ = {isa = PBXFileReference; lastKnownFileType = image.png; path = "pointer@2x.png"; sourceTree = "<group>"; };
		AB485AC1166F17460031747E /* ruler@2x.png */ = {isa = PBXFileReference; lastKnownFileType = image.png; path = "ruler@2x.png"; sourceTree = "<group>"; };
		AB76FE5A16B7D19400128E0A /* MYBroadcast.h */ = {isa = PBXFileReference; fileEncoding = 4; lastKnownFileType = sourcecode.c.h; path = MYBroadcast.h; sourceTree = "<group>"; };
		AB76FE5B16B7D19400128E0A /* MYBroadcast.m */ = {isa = PBXFileReference; fileEncoding = 4; lastKnownFileType = sourcecode.c.objc; path = MYBroadcast.m; sourceTree = "<group>"; };
		AB76FE5C16B7D19400128E0A /* MYBroadcastCenter.h */ = {isa = PBXFileReference; fileEncoding = 4; lastKnownFileType = sourcecode.c.h; path = MYBroadcastCenter.h; sourceTree = "<group>"; };
		AB76FE5D16B7D19400128E0A /* MYBroadcastCenter.m */ = {isa = PBXFileReference; fileEncoding = 4; lastKnownFileType = sourcecode.c.objc; path = MYBroadcastCenter.m; sourceTree = "<group>"; };
		AB76FE5E16B7D19400128E0A /* MYRoute.h */ = {isa = PBXFileReference; fileEncoding = 4; lastKnownFileType = sourcecode.c.h; path = MYRoute.h; sourceTree = "<group>"; };
		AB76FE5F16B7D19400128E0A /* MYRoute.m */ = {isa = PBXFileReference; fileEncoding = 4; lastKnownFileType = sourcecode.c.objc; path = MYRoute.m; sourceTree = "<group>"; };
		AB76FE6016B7D19400128E0A /* MYRouteCenter.h */ = {isa = PBXFileReference; fileEncoding = 4; lastKnownFileType = sourcecode.c.h; path = MYRouteCenter.h; sourceTree = "<group>"; };
		AB76FE6116B7D19400128E0A /* MYRouteCenter.m */ = {isa = PBXFileReference; fileEncoding = 4; lastKnownFileType = sourcecode.c.objc; path = MYRouteCenter.m; sourceTree = "<group>"; };
		AB76FE6216B7D19400128E0A /* NSObject+MYBroadcast.h */ = {isa = PBXFileReference; fileEncoding = 4; lastKnownFileType = sourcecode.c.h; path = "NSObject+MYBroadcast.h"; sourceTree = "<group>"; };
		AB76FE6316B7D19400128E0A /* NSObject+MYBroadcast.m */ = {isa = PBXFileReference; fileEncoding = 4; lastKnownFileType = sourcecode.c.objc; path = "NSObject+MYBroadcast.m"; sourceTree = "<group>"; };
		AB76FE6416B7D19400128E0A /* NSObject+MYRoute.h */ = {isa = PBXFileReference; fileEncoding = 4; lastKnownFileType = sourcecode.c.h; path = "NSObject+MYRoute.h"; sourceTree = "<group>"; };
		AB76FE6516B7D19400128E0A /* NSObject+MYRoute.m */ = {isa = PBXFileReference; fileEncoding = 4; lastKnownFileType = sourcecode.c.objc; path = "NSObject+MYRoute.m"; sourceTree = "<group>"; };
		AB76FE7C16B7D25B00128E0A /* FMDatabase+MYAdditions.h */ = {isa = PBXFileReference; fileEncoding = 4; lastKnownFileType = sourcecode.c.h; path = "FMDatabase+MYAdditions.h"; sourceTree = "<group>"; };
		AB76FE7D16B7D25B00128E0A /* FMDatabase+MYAdditions.m */ = {isa = PBXFileReference; fileEncoding = 4; lastKnownFileType = sourcecode.c.objc; path = "FMDatabase+MYAdditions.m"; sourceTree = "<group>"; };
		AB76FE7E16B7D25B00128E0A /* MYDebugMacro.h */ = {isa = PBXFileReference; fileEncoding = 4; lastKnownFileType = sourcecode.c.h; path = MYDebugMacro.h; sourceTree = "<group>"; };
		AB76FE7F16B7D25B00128E0A /* MYMacroDefine.h */ = {isa = PBXFileReference; fileEncoding = 4; lastKnownFileType = sourcecode.c.h; path = MYMacroDefine.h; sourceTree = "<group>"; };
		AB76FE8016B7D25B00128E0A /* MYSandbox.h */ = {isa = PBXFileReference; fileEncoding = 4; lastKnownFileType = sourcecode.c.h; path = MYSandbox.h; sourceTree = "<group>"; };
		AB76FE8116B7D25B00128E0A /* MYSandbox.m */ = {isa = PBXFileReference; fileEncoding = 4; lastKnownFileType = sourcecode.c.objc; path = MYSandbox.m; sourceTree = "<group>"; };
		AB76FE8216B7D25B00128E0A /* MYSingleton.h */ = {isa = PBXFileReference; fileEncoding = 4; lastKnownFileType = sourcecode.c.h; path = MYSingleton.h; sourceTree = "<group>"; };
		AB76FE8316B7D25B00128E0A /* MYThread.h */ = {isa = PBXFileReference; fileEncoding = 4; lastKnownFileType = sourcecode.c.h; path = MYThread.h; sourceTree = "<group>"; };
		AB76FE8416B7D25B00128E0A /* NSDictionary+KeyExtends.h */ = {isa = PBXFileReference; fileEncoding = 4; lastKnownFileType = sourcecode.c.h; path = "NSDictionary+KeyExtends.h"; sourceTree = "<group>"; };
		AB76FE8516B7D25B00128E0A /* NSDictionary+KeyExtends.m */ = {isa = PBXFileReference; fileEncoding = 4; lastKnownFileType = sourcecode.c.objc; path = "NSDictionary+KeyExtends.m"; sourceTree = "<group>"; };
		AB76FE8616B7D25B00128E0A /* NSObject+MYProperty.h */ = {isa = PBXFileReference; fileEncoding = 4; lastKnownFileType = sourcecode.c.h; path = "NSObject+MYProperty.h"; sourceTree = "<group>"; };
		AB76FE8716B7D25B00128E0A /* NSObject+MYProperty.m */ = {isa = PBXFileReference; fileEncoding = 4; lastKnownFileType = sourcecode.c.objc; path = "NSObject+MYProperty.m"; sourceTree = "<group>"; };
		AB76FE8D16B7D7E500128E0A /* MYEntry+DatabaseReader.h */ = {isa = PBXFileReference; fileEncoding = 4; lastKnownFileType = sourcecode.c.h; path = "MYEntry+DatabaseReader.h"; sourceTree = "<group>"; };
		AB76FE8E16B7D7E500128E0A /* MYEntry+DatabaseReader.m */ = {isa = PBXFileReference; fileEncoding = 4; lastKnownFileType = sourcecode.c.objc; path = "MYEntry+DatabaseReader.m"; sourceTree = "<group>"; };
		AB76FE8F16B7D7E500128E0A /* MYEntry+DatabaseWriter.h */ = {isa = PBXFileReference; fileEncoding = 4; lastKnownFileType = sourcecode.c.h; path = "MYEntry+DatabaseWriter.h"; sourceTree = "<group>"; };
		AB76FE9016B7D7E500128E0A /* MYEntry+DatabaseWriter.m */ = {isa = PBXFileReference; fileEncoding = 4; lastKnownFileType = sourcecode.c.objc; path = "MYEntry+DatabaseWriter.m"; sourceTree = "<group>"; };
		AB76FE9116B7D7E500128E0A /* MYEntry+JsonAccess.h */ = {isa = PBXFileReference; fileEncoding = 4; lastKnownFileType = sourcecode.c.h; path = "MYEntry+JsonAccess.h"; sourceTree = "<group>"; };
		AB76FE9216B7D7E500128E0A /* MYEntry+JsonAccess.m */ = {isa = PBXFileReference; fileEncoding = 4; lastKnownFileType = sourcecode.c.objc; path = "MYEntry+JsonAccess.m"; sourceTree = "<group>"; };
		AB76FE9316B7D7E500128E0A /* MYEntry.h */ = {isa = PBXFileReference; fileEncoding = 4; lastKnownFileType = sourcecode.c.h; path = MYEntry.h; sourceTree = "<group>"; };
		AB76FE9416B7D7E500128E0A /* MYEntry.m */ = {isa = PBXFileReference; fileEncoding = 4; lastKnownFileType = sourcecode.c.objc; path = MYEntry.m; sourceTree = "<group>"; };
		AB76FE9716B7D7E500128E0A /* MYEntryDbSchema.h */ = {isa = PBXFileReference; fileEncoding = 4; lastKnownFileType = sourcecode.c.h; path = MYEntryDbSchema.h; sourceTree = "<group>"; };
		AB76FE9816B7D7E500128E0A /* MYEntryDbSchema.m */ = {isa = PBXFileReference; fileEncoding = 4; lastKnownFileType = sourcecode.c.objc; path = MYEntryDbSchema.m; sourceTree = "<group>"; };
		AB76FE9916B7D7E500128E0A /* MYUserEntry.h */ = {isa = PBXFileReference; fileEncoding = 4; lastKnownFileType = sourcecode.c.h; path = MYUserEntry.h; sourceTree = "<group>"; };
		AB76FE9A16B7D7E500128E0A /* MYUserEntry.m */ = {isa = PBXFileReference; fileEncoding = 4; lastKnownFileType = sourcecode.c.objc; path = MYUserEntry.m; sourceTree = "<group>"; };
		AB76FE9B16B7D7E500128E0A /* MYUserEntryLog.h */ = {isa = PBXFileReference; fileEncoding = 4; lastKnownFileType = sourcecode.c.h; path = MYUserEntryLog.h; sourceTree = "<group>"; };
		AB76FE9C16B7D7E500128E0A /* MYUserEntryLog.m */ = {isa = PBXFileReference; fileEncoding = 4; lastKnownFileType = sourcecode.c.objc; path = MYUserEntryLog.m; sourceTree = "<group>"; };
		AB76FEA616B8A65D00128E0A /* MYViewModel.h */ = {isa = PBXFileReference; fileEncoding = 4; lastKnownFileType = sourcecode.c.h; path = MYViewModel.h; sourceTree = "<group>"; };
		AB76FEA716B8A65D00128E0A /* MYViewModel.m */ = {isa = PBXFileReference; fileEncoding = 4; lastKnownFileType = sourcecode.c.objc; path = MYViewModel.m; sourceTree = "<group>"; };
		AB9BB3B5165DABBF00F56628 /* MYViewControllerDelegate.h */ = {isa = PBXFileReference; lastKnownFileType = sourcecode.c.h; path = MYViewControllerDelegate.h; sourceTree = "<group>"; };
		AB9E55E416BF4F8D008D733B /* MYBundle.h */ = {isa = PBXFileReference; fileEncoding = 4; lastKnownFileType = sourcecode.c.h; path = MYBundle.h; sourceTree = "<group>"; };
		AB9E55E516BF4F8D008D733B /* MYBundle.m */ = {isa = PBXFileReference; fileEncoding = 4; lastKnownFileType = sourcecode.c.objc; path = MYBundle.m; sourceTree = "<group>"; };
		AB9E564616BFC5AE008D733B /* MYInputField.h */ = {isa = PBXFileReference; fileEncoding = 4; lastKnownFileType = sourcecode.c.h; path = MYInputField.h; sourceTree = "<group>"; };
		AB9E564716BFC5AE008D733B /* MYInputField.m */ = {isa = PBXFileReference; fileEncoding = 4; lastKnownFileType = sourcecode.c.objc; path = MYInputField.m; sourceTree = "<group>"; };
		AB9E564916BFC5AE008D733B /* MYInputFieldDelegate.h */ = {isa = PBXFileReference; fileEncoding = 4; lastKnownFileType = sourcecode.c.h; path = MYInputFieldDelegate.h; sourceTree = "<group>"; };
		AB9E564A16BFC5AE008D733B /* MYInputFieldEmail.h */ = {isa = PBXFileReference; fileEncoding = 4; lastKnownFileType = sourcecode.c.h; path = MYInputFieldEmail.h; sourceTree = "<group>"; };
		AB9E564B16BFC5AE008D733B /* MYInputFieldEmail.m */ = {isa = PBXFileReference; fileEncoding = 4; lastKnownFileType = sourcecode.c.objc; path = MYInputFieldEmail.m; sourceTree = "<group>"; };
		AB9E564C16BFC5AE008D733B /* MYInputFieldNumber.h */ = {isa = PBXFileReference; fileEncoding = 4; lastKnownFileType = sourcecode.c.h; path = MYInputFieldNumber.h; sourceTree = "<group>"; };
		AB9E564D16BFC5AE008D733B /* MYInputFieldNumber.m */ = {isa = PBXFileReference; fileEncoding = 4; lastKnownFileType = sourcecode.c.objc; path = MYInputFieldNumber.m; sourceTree = "<group>"; };
		AB9E564E16BFC5AE008D733B /* MYInputFieldText.h */ = {isa = PBXFileReference; fileEncoding = 4; lastKnownFileType = sourcecode.c.h; path = MYInputFieldText.h; sourceTree = "<group>"; };
		AB9E564F16BFC5AE008D733B /* MYInputFieldText.m */ = {isa = PBXFileReference; fileEncoding = 4; lastKnownFileType = sourcecode.c.objc; path = MYInputFieldText.m; sourceTree = "<group>"; };
		AB9E565416BFD1D0008D733B /* MYInputFieldCellPhone.h */ = {isa = PBXFileReference; fileEncoding = 4; lastKnownFileType = sourcecode.c.h; path = MYInputFieldCellPhone.h; sourceTree = "<group>"; };
		AB9E565516BFD1D0008D733B /* MYInputFieldCellPhone.m */ = {isa = PBXFileReference; fileEncoding = 4; lastKnownFileType = sourcecode.c.objc; path = MYInputFieldCellPhone.m; sourceTree = "<group>"; };
		ABC2162E168DA10D00BB4356 /* ScrollTextLabel.h */ = {isa = PBXFileReference; fileEncoding = 4; lastKnownFileType = sourcecode.c.h; path = ScrollTextLabel.h; sourceTree = "<group>"; };
		ABC2162F168DA10D00BB4356 /* ScrollTextLabel.m */ = {isa = PBXFileReference; fileEncoding = 4; lastKnownFileType = sourcecode.c.objc; path = ScrollTextLabel.m; sourceTree = "<group>"; };
		ABEEE92E16512A360002BC58 /* MYFramework.h */ = {isa = PBXFileReference; lastKnownFileType = sourcecode.c.h; path = MYFramework.h; sourceTree = "<group>"; };
		ABFEDC4E16645BBD0053A5BC /* MYFramework-Prefix.pch */ = {isa = PBXFileReference; fileEncoding = 4; lastKnownFileType = sourcecode.c.h; path = "MYFramework-Prefix.pch"; sourceTree = "<group>"; };
		D49B9F6386094C51AD178C53 /* libPods.a */ = {isa = PBXFileReference; explicitFileType = archive.ar; includeInIndex = 0; path = libPods.a; sourceTree = BUILT_PRODUCTS_DIR; };
		EC6B87CF167ACA160068798C /* unitBackground@2x.png */ = {isa = PBXFileReference; lastKnownFileType = image.png; path = "unitBackground@2x.png"; sourceTree = "<group>"; };
		EC6B87D0167ACA160068798C /* unitPointer@2x.png */ = {isa = PBXFileReference; lastKnownFileType = image.png; path = "unitPointer@2x.png"; sourceTree = "<group>"; };
		ECC06D49166F341400B6EA33 /* rulerBackground@2x.png */ = {isa = PBXFileReference; lastKnownFileType = image.png; path = "rulerBackground@2x.png"; sourceTree = "<group>"; };
		ECC06D4C166F3E2300B6EA33 /* rulerMask@2x.png */ = {isa = PBXFileReference; lastKnownFileType = image.png; path = "rulerMask@2x.png"; sourceTree = "<group>"; };
/* End PBXFileReference section */

/* Begin PBXFrameworksBuildPhase section */
		AB3A90CD165092CF00C672E5 /* Frameworks */ = {
			isa = PBXFrameworksBuildPhase;
			buildActionMask = 2147483647;
			files = (
				AB3A90D5165092CF00C672E5 /* UIKit.framework in Frameworks */,
				AB3A90D7165092CF00C672E5 /* Foundation.framework in Frameworks */,
				AB3A90D9165092CF00C672E5 /* CoreGraphics.framework in Frameworks */,
				7933CA3A1649409FB02E5769 /* libPods.a in Frameworks */,
			);
			runOnlyForDeploymentPostprocessing = 0;
		};
/* End PBXFrameworksBuildPhase section */

/* Begin PBXGroup section */
		AB06B78D16CF4E0F00450A0E /* MYDataAccess */ = {
			isa = PBXGroup;
			children = (
				AB06B79416CF514E00450A0E /* ASIHTTPRequest+MYSign.h */,
				AB06B79516CF514E00450A0E /* ASIHTTPRequest+MYSign.m */,
				AB06B79116CF4F1E00450A0E /* MYJsonAccess.h */,
				AB06B79216CF4F1E00450A0E /* MYJsonAccess.m */,
				AB06B78E16CF4E3300450A0E /* MYDbFetcher.h */,
				AB06B78F16CF4E3300450A0E /* MYDbFetcher.m */,
			);
			path = MYDataAccess;
			sourceTree = "<group>";
		};
		AB3A90C5165092CF00C672E5 = {
			isa = PBXGroup;
			children = (
				AB3A91011650946A00C672E5 /* src */,
				AB3A90DA165092CF00C672E5 /* MYFrameworkDemo */,
				AB3A90D3165092CF00C672E5 /* Frameworks */,
				AB3A90D1165092CF00C672E5 /* Products */,
				64ACB4F4102D4439A827EFF3 /* Pods.xcconfig */,
			);
			sourceTree = "<group>";
		};
		AB3A90D1165092CF00C672E5 /* Products */ = {
			isa = PBXGroup;
			children = (
				AB3A90D0165092CF00C672E5 /* MYFrameworkDemo.app */,
			);
			name = Products;
			sourceTree = "<group>";
		};
		AB3A90D3165092CF00C672E5 /* Frameworks */ = {
			isa = PBXGroup;
			children = (
				AB3A90D4165092CF00C672E5 /* UIKit.framework */,
				AB3A90D6165092CF00C672E5 /* Foundation.framework */,
				AB3A90D8165092CF00C672E5 /* CoreGraphics.framework */,
				D49B9F6386094C51AD178C53 /* libPods.a */,
			);
			name = Frameworks;
			sourceTree = "<group>";
		};
		AB3A90DA165092CF00C672E5 /* MYFrameworkDemo */ = {
			isa = PBXGroup;
			children = (
				AB485ABC166F17460031747E /* resources */,
				AB3A90E3165092CF00C672E5 /* AppDelegate.h */,
				AB3A90E4165092CF00C672E5 /* AppDelegate.m */,
				AB3A90EC165092CF00C672E5 /* ViewController.h */,
				AB3A90ED165092CF00C672E5 /* ViewController.m */,
				AB3A90EF165092CF00C672E5 /* ViewController.xib */,
				AB3A90DB165092CF00C672E5 /* Supporting Files */,
			);
			path = MYFrameworkDemo;
			sourceTree = "<group>";
		};
		AB3A90DB165092CF00C672E5 /* Supporting Files */ = {
			isa = PBXGroup;
			children = (
				AB3A90DC165092CF00C672E5 /* MYFrameworkDemo-Info.plist */,
				AB3A90DD165092CF00C672E5 /* InfoPlist.strings */,
				AB3A90E0165092CF00C672E5 /* main.m */,
				AB3A90E2165092CF00C672E5 /* MYFrameworkDemo-Prefix.pch */,
				AB3A90E6165092CF00C672E5 /* Default.png */,
				AB3A90E8165092CF00C672E5 /* Default@2x.png */,
				AB3A90EA165092CF00C672E5 /* Default-568h@2x.png */,
			);
			name = "Supporting Files";
			sourceTree = "<group>";
		};
		AB3A91011650946A00C672E5 /* src */ = {
			isa = PBXGroup;
			children = (
				AB06B78D16CF4E0F00450A0E /* MYDataAccess */,
				AB76FEA516B8A65D00128E0A /* MYViewModel */,
				AB76FE8C16B7D7E500128E0A /* MYModel */,
				AB76FE5816B7D19400128E0A /* MYFoundation */,
				AB3A91021650946A00C672E5 /* MYView */,
				AB3A910F1650946A00C672E5 /* MYViewController */,
				ABEEE92E16512A360002BC58 /* MYFramework.h */,
				ABFEDC4E16645BBD0053A5BC /* MYFramework-Prefix.pch */,
			);
			name = src;
			path = ../../src;
			sourceTree = "<group>";
		};
		AB3A91021650946A00C672E5 /* MYView */ = {
			isa = PBXGroup;
			children = (
				AB3A91031650946A00C672E5 /* CustomTabBar.h */,
				AB3A91041650946A00C672E5 /* CustomTabBar.m */,
				AB3A91051650946A00C672E5 /* CustomTabBarItem.h */,
				AB3A91061650946A00C672E5 /* CustomTabBarItem.m */,
				AB3443A61654B2F600F77740 /* MYDateSwitcher.h */,
				AB3443A71654B2F600F77740 /* MYDateSwitcher.m */,
				AB3443A81654B2F600F77740 /* MYDateSwitcherDefine.h */,
				AB9E564616BFC5AE008D733B /* MYInputField.h */,
				AB9E564716BFC5AE008D733B /* MYInputField.m */,
				AB9E565416BFD1D0008D733B /* MYInputFieldCellPhone.h */,
				AB9E565516BFD1D0008D733B /* MYInputFieldCellPhone.m */,
				AB9E564916BFC5AE008D733B /* MYInputFieldDelegate.h */,
				AB9E564A16BFC5AE008D733B /* MYInputFieldEmail.h */,
				AB9E564B16BFC5AE008D733B /* MYInputFieldEmail.m */,
				AB9E564C16BFC5AE008D733B /* MYInputFieldNumber.h */,
				AB9E564D16BFC5AE008D733B /* MYInputFieldNumber.m */,
				AB9E564E16BFC5AE008D733B /* MYInputFieldText.h */,
				AB9E564F16BFC5AE008D733B /* MYInputFieldText.m */,
				AB3A91071650946A00C672E5 /* MYTableView.h */,
				AB3A91081650946A00C672E5 /* MYTableView.m */,
				AB3A91091650946A00C672E5 /* MYView.h */,
				AB3A910A1650946A00C672E5 /* MYView.m */,
				ABC2162E168DA10D00BB4356 /* ScrollTextLabel.h */,
				ABC2162F168DA10D00BB4356 /* ScrollTextLabel.m */,
				AB3A910B1650946A00C672E5 /* ValueCheckBoxView.h */,
				AB3A910C1650946A00C672E5 /* ValueCheckBoxView.m */,
				AB1F15741680336F00E55E77 /* ValueCheckBoxViewCellRuler.h */,
				AB1F15751680336F00E55E77 /* ValueCheckBoxViewCellRuler.m */,
				AB3A910D1650946A00C672E5 /* ValueCheckBoxViewDefine.h */,
				AB3A910E1650946A00C672E5 /* ValueCheckBoxViewDelegate.h */,
			);
			path = MYView;
			sourceTree = "<group>";
		};
		AB3A910F1650946A00C672E5 /* MYViewController */ = {
			isa = PBXGroup;
			children = (
				AB3A91101650946A00C672E5 /* MYNavigationController.h */,
				AB3A91111650946A00C672E5 /* MYNavigationController.m */,
				AB3A91161650946A00C672E5 /* MYViewController.h */,
				AB3A91171650946A00C672E5 /* MYViewController.m */,
				AB9BB3B5165DABBF00F56628 /* MYViewControllerDelegate.h */,
				AB0178D616836C0E00DE4498 /* MYNavigationControllerAnimationFactory.h */,
				AB0178D716836C0E00DE4498 /* MYNavigationControllerAnimationFactory.m */,
				AB0178DA16836C3C00DE4498 /* MYNavigationControllerAnimationFactoryProtocol.h */,
			);
			path = MYViewController;
			sourceTree = "<group>";
		};
		AB485ABC166F17460031747E /* resources */ = {
			isa = PBXGroup;
			children = (
				AB485ABD166F17460031747E /* ui */,
			);
			name = resources;
			path = ../../../resources;
			sourceTree = "<group>";
		};
		AB485ABD166F17460031747E /* ui */ = {
			isa = PBXGroup;
			children = (
				AB485ABE166F17460031747E /* Images */,
			);
			path = ui;
			sourceTree = "<group>";
		};
		AB485ABE166F17460031747E /* Images */ = {
			isa = PBXGroup;
			children = (
				AB485ABF166F17460031747E /* ValueCheckBoxView */,
			);
			path = Images;
			sourceTree = "<group>";
		};
		AB485ABF166F17460031747E /* ValueCheckBoxView */ = {
			isa = PBXGroup;
			children = (
				EC6B87CF167ACA160068798C /* unitBackground@2x.png */,
				EC6B87D0167ACA160068798C /* unitPointer@2x.png */,
				ECC06D4C166F3E2300B6EA33 /* rulerMask@2x.png */,
				ECC06D49166F341400B6EA33 /* rulerBackground@2x.png */,
				AB485AC0166F17460031747E /* pointer@2x.png */,
				AB485AC1166F17460031747E /* ruler@2x.png */,
			);
			path = ValueCheckBoxView;
			sourceTree = "<group>";
		};
		AB76FE5816B7D19400128E0A /* MYFoundation */ = {
			isa = PBXGroup;
			children = (
				AB76FE5916B7D19400128E0A /* BroadcastRoute */,
				AB76FE7C16B7D25B00128E0A /* FMDatabase+MYAdditions.h */,
				AB76FE7D16B7D25B00128E0A /* FMDatabase+MYAdditions.m */,
				AB76FE7E16B7D25B00128E0A /* MYDebugMacro.h */,
				AB76FE7F16B7D25B00128E0A /* MYMacroDefine.h */,
				AB76FE8016B7D25B00128E0A /* MYSandbox.h */,
				AB76FE8116B7D25B00128E0A /* MYSandbox.m */,
				AB76FE8216B7D25B00128E0A /* MYSingleton.h */,
				AB76FE8316B7D25B00128E0A /* MYThread.h */,
				AB76FE8416B7D25B00128E0A /* NSDictionary+KeyExtends.h */,
				AB76FE8516B7D25B00128E0A /* NSDictionary+KeyExtends.m */,
				AB76FE8616B7D25B00128E0A /* NSObject+MYProperty.h */,
				AB76FE8716B7D25B00128E0A /* NSObject+MYProperty.m */,
				AB9E55E416BF4F8D008D733B /* MYBundle.h */,
				AB9E55E516BF4F8D008D733B /* MYBundle.m */,
			);
			path = MYFoundation;
			sourceTree = "<group>";
		};
		AB76FE5916B7D19400128E0A /* BroadcastRoute */ = {
			isa = PBXGroup;
			children = (
				AB76FE5A16B7D19400128E0A /* MYBroadcast.h */,
				AB76FE5B16B7D19400128E0A /* MYBroadcast.m */,
				AB76FE5C16B7D19400128E0A /* MYBroadcastCenter.h */,
				AB76FE5D16B7D19400128E0A /* MYBroadcastCenter.m */,
				AB76FE5E16B7D19400128E0A /* MYRoute.h */,
				AB76FE5F16B7D19400128E0A /* MYRoute.m */,
				AB76FE6016B7D19400128E0A /* MYRouteCenter.h */,
				AB76FE6116B7D19400128E0A /* MYRouteCenter.m */,
				AB76FE6216B7D19400128E0A /* NSObject+MYBroadcast.h */,
				AB76FE6316B7D19400128E0A /* NSObject+MYBroadcast.m */,
				AB76FE6416B7D19400128E0A /* NSObject+MYRoute.h */,
				AB76FE6516B7D19400128E0A /* NSObject+MYRoute.m */,
			);
			path = BroadcastRoute;
			sourceTree = "<group>";
		};
		AB76FE8C16B7D7E500128E0A /* MYModel */ = {
			isa = PBXGroup;
			children = (
				AB06B79A16CF6CC900450A0E /* MYDbFetcher+MYEntry.h */,
				AB06B79B16CF6CC900450A0E /* MYDbFetcher+MYEntry.m */,
				AB76FE8D16B7D7E500128E0A /* MYEntry+DatabaseReader.h */,
				AB76FE8E16B7D7E500128E0A /* MYEntry+DatabaseReader.m */,
				AB76FE8F16B7D7E500128E0A /* MYEntry+DatabaseWriter.h */,
				AB76FE9016B7D7E500128E0A /* MYEntry+DatabaseWriter.m */,
				AB76FE9116B7D7E500128E0A /* MYEntry+JsonAccess.h */,
				AB76FE9216B7D7E500128E0A /* MYEntry+JsonAccess.m */,
				AB76FE9316B7D7E500128E0A /* MYEntry.h */,
				AB76FE9416B7D7E500128E0A /* MYEntry.m */,
				AB76FE9716B7D7E500128E0A /* MYEntryDbSchema.h */,
				AB76FE9816B7D7E500128E0A /* MYEntryDbSchema.m */,
				AB76FE9916B7D7E500128E0A /* MYUserEntry.h */,
				AB76FE9A16B7D7E500128E0A /* MYUserEntry.m */,
				AB76FE9B16B7D7E500128E0A /* MYUserEntryLog.h */,
				AB76FE9C16B7D7E500128E0A /* MYUserEntryLog.m */,
			);
			path = MYModel;
			sourceTree = "<group>";
		};
		AB76FEA516B8A65D00128E0A /* MYViewModel */ = {
			isa = PBXGroup;
			children = (
				AB76FEA616B8A65D00128E0A /* MYViewModel.h */,
				AB76FEA716B8A65D00128E0A /* MYViewModel.m */,
			);
			path = MYViewModel;
			sourceTree = "<group>";
		};
/* End PBXGroup section */

/* Begin PBXNativeTarget section */
		AB3A90CF165092CF00C672E5 /* MYFrameworkDemo */ = {
			isa = PBXNativeTarget;
			buildConfigurationList = AB3A90F4165092CF00C672E5 /* Build configuration list for PBXNativeTarget "MYFrameworkDemo" */;
			buildPhases = (
				AB3A90CC165092CF00C672E5 /* Sources */,
				AB3A90CD165092CF00C672E5 /* Frameworks */,
				AB3A90CE165092CF00C672E5 /* Resources */,
				C377296E062343AEACBA0C2D /* Copy Pods Resources */,
			);
			buildRules = (
			);
			dependencies = (
			);
			name = MYFrameworkDemo;
			productName = MYFrameworkDemo;
			productReference = AB3A90D0165092CF00C672E5 /* MYFrameworkDemo.app */;
			productType = "com.apple.product-type.application";
		};
/* End PBXNativeTarget section */

/* Begin PBXProject section */
		AB3A90C7165092CF00C672E5 /* Project object */ = {
			isa = PBXProject;
			attributes = {
				LastUpgradeCheck = 0450;
				ORGANIZATIONNAME = BOOHEE;
			};
			buildConfigurationList = AB3A90CA165092CF00C672E5 /* Build configuration list for PBXProject "MYFrameworkDemo" */;
			compatibilityVersion = "Xcode 3.2";
			developmentRegion = English;
			hasScannedForEncodings = 0;
			knownRegions = (
				en,
			);
			mainGroup = AB3A90C5165092CF00C672E5;
			productRefGroup = AB3A90D1165092CF00C672E5 /* Products */;
			projectDirPath = "";
			projectRoot = "";
			targets = (
				AB3A90CF165092CF00C672E5 /* MYFrameworkDemo */,
			);
		};
/* End PBXProject section */

/* Begin PBXResourcesBuildPhase section */
		AB3A90CE165092CF00C672E5 /* Resources */ = {
			isa = PBXResourcesBuildPhase;
			buildActionMask = 2147483647;
			files = (
				AB3A90DF165092CF00C672E5 /* InfoPlist.strings in Resources */,
				AB3A90E7165092CF00C672E5 /* Default.png in Resources */,
				AB3A90E9165092CF00C672E5 /* Default@2x.png in Resources */,
				AB3A90EB165092CF00C672E5 /* Default-568h@2x.png in Resources */,
				AB3A90F1165092CF00C672E5 /* ViewController.xib in Resources */,
				AB485AC2166F17460031747E /* pointer@2x.png in Resources */,
				AB485AC3166F17460031747E /* ruler@2x.png in Resources */,
				ECC06D4A166F341400B6EA33 /* rulerBackground@2x.png in Resources */,
				ECC06D4D166F3E2300B6EA33 /* rulerMask@2x.png in Resources */,
				EC6B87D1167ACA160068798C /* unitBackground@2x.png in Resources */,
				EC6B87D2167ACA160068798C /* unitPointer@2x.png in Resources */,
			);
			runOnlyForDeploymentPostprocessing = 0;
		};
/* End PBXResourcesBuildPhase section */

/* Begin PBXShellScriptBuildPhase section */
		C377296E062343AEACBA0C2D /* Copy Pods Resources */ = {
			isa = PBXShellScriptBuildPhase;
			buildActionMask = 2147483647;
			files = (
			);
			inputPaths = (
			);
			name = "Copy Pods Resources";
			outputPaths = (
			);
			runOnlyForDeploymentPostprocessing = 0;
			shellPath = /bin/sh;
			shellScript = "\"${SRCROOT}/../../Pods/Pods-resources.sh\"\n";
		};
/* End PBXShellScriptBuildPhase section */

/* Begin PBXSourcesBuildPhase section */
		AB3A90CC165092CF00C672E5 /* Sources */ = {
			isa = PBXSourcesBuildPhase;
			buildActionMask = 2147483647;
			files = (
				AB3A90E1165092CF00C672E5 /* main.m in Sources */,
				AB3A90E5165092CF00C672E5 /* AppDelegate.m in Sources */,
				AB3A90EE165092CF00C672E5 /* ViewController.m in Sources */,
				AB3A911A1650946A00C672E5 /* CustomTabBar.m in Sources */,
				AB3A911B1650946A00C672E5 /* CustomTabBarItem.m in Sources */,
				AB3A911C1650946A00C672E5 /* MYTableView.m in Sources */,
				AB3A911D1650946A00C672E5 /* MYView.m in Sources */,
				AB3A911E1650946A00C672E5 /* ValueCheckBoxView.m in Sources */,
				AB3A911F1650946A00C672E5 /* MYNavigationController.m in Sources */,
				AB3A91221650946A00C672E5 /* MYViewController.m in Sources */,
				AB3443A91654B2F600F77740 /* MYDateSwitcher.m in Sources */,
				AB1F15761680336F00E55E77 /* ValueCheckBoxViewCellRuler.m in Sources */,
				AB0178D816836C0E00DE4498 /* MYNavigationControllerAnimationFactory.m in Sources */,
				ABC21630168DA10D00BB4356 /* ScrollTextLabel.m in Sources */,
				AB76FE7216B7D19400128E0A /* MYBroadcast.m in Sources */,
				AB76FE7316B7D19400128E0A /* MYBroadcastCenter.m in Sources */,
				AB76FE7416B7D19400128E0A /* MYRoute.m in Sources */,
				AB76FE7516B7D19400128E0A /* MYRouteCenter.m in Sources */,
				AB76FE7616B7D19400128E0A /* NSObject+MYBroadcast.m in Sources */,
				AB76FE7716B7D19400128E0A /* NSObject+MYRoute.m in Sources */,
				AB76FE8816B7D25B00128E0A /* FMDatabase+MYAdditions.m in Sources */,
				AB76FE8916B7D25B00128E0A /* MYSandbox.m in Sources */,
				AB76FE8A16B7D25B00128E0A /* NSDictionary+KeyExtends.m in Sources */,
				AB76FE8B16B7D25B00128E0A /* NSObject+MYProperty.m in Sources */,
				AB76FE9D16B7D7E500128E0A /* MYEntry+DatabaseReader.m in Sources */,
				AB76FE9E16B7D7E500128E0A /* MYEntry+DatabaseWriter.m in Sources */,
				AB76FE9F16B7D7E500128E0A /* MYEntry+JsonAccess.m in Sources */,
				AB76FEA016B7D7E500128E0A /* MYEntry.m in Sources */,
				AB76FEA216B7D7E500128E0A /* MYEntryDbSchema.m in Sources */,
				AB76FEA316B7D7E500128E0A /* MYUserEntry.m in Sources */,
				AB76FEA416B7D7E500128E0A /* MYUserEntryLog.m in Sources */,
				AB76FEA816B8A65D00128E0A /* MYViewModel.m in Sources */,
				AB9E55E616BF4F8D008D733B /* MYBundle.m in Sources */,
				AB9E565016BFC5AE008D733B /* MYInputField.m in Sources */,
				AB9E565116BFC5AE008D733B /* MYInputFieldEmail.m in Sources */,
				AB9E565216BFC5AE008D733B /* MYInputFieldNumber.m in Sources */,
				AB9E565316BFC5AE008D733B /* MYInputFieldText.m in Sources */,
				AB9E565616BFD1D1008D733B /* MYInputFieldCellPhone.m in Sources */,
				AB06B79016CF4E3300450A0E /* MYDbFetcher.m in Sources */,
				AB06B79316CF4F1F00450A0E /* MYJsonAccess.m in Sources */,
				AB06B79616CF514E00450A0E /* ASIHTTPRequest+MYSign.m in Sources */,
				AB06B79C16CF6CC900450A0E /* MYDbFetcher+MYEntry.m in Sources */,
			);
			runOnlyForDeploymentPostprocessing = 0;
		};
/* End PBXSourcesBuildPhase section */

/* Begin PBXVariantGroup section */
		AB3A90DD165092CF00C672E5 /* InfoPlist.strings */ = {
			isa = PBXVariantGroup;
			children = (
				AB3A90DE165092CF00C672E5 /* en */,
			);
			name = InfoPlist.strings;
			sourceTree = "<group>";
		};
		AB3A90EF165092CF00C672E5 /* ViewController.xib */ = {
			isa = PBXVariantGroup;
			children = (
				AB3A90F0165092CF00C672E5 /* en */,
			);
			name = ViewController.xib;
			sourceTree = "<group>";
		};
/* End PBXVariantGroup section */

/* Begin XCBuildConfiguration section */
		AB3A90F2165092CF00C672E5 /* Debug */ = {
			isa = XCBuildConfiguration;
			buildSettings = {
				ALWAYS_SEARCH_USER_PATHS = NO;
				CLANG_CXX_LANGUAGE_STANDARD = "gnu++0x";
				CLANG_CXX_LIBRARY = "libc++";
				CLANG_WARN_EMPTY_BODY = YES;
				CLANG_WARN__DUPLICATE_METHOD_MATCH = YES;
				"CODE_SIGN_IDENTITY[sdk=iphoneos*]" = "iPhone Developer";
				COPY_PHASE_STRIP = NO;
				GCC_C_LANGUAGE_STANDARD = gnu99;
				GCC_DYNAMIC_NO_PIC = NO;
				GCC_OPTIMIZATION_LEVEL = 0;
				GCC_PREPROCESSOR_DEFINITIONS = (
					"DEBUG=1",
					"$(inherited)",
				);
				GCC_SYMBOLS_PRIVATE_EXTERN = NO;
				GCC_WARN_ABOUT_RETURN_TYPE = YES;
				GCC_WARN_UNINITIALIZED_AUTOS = YES;
				GCC_WARN_UNUSED_VARIABLE = YES;
				IPHONEOS_DEPLOYMENT_TARGET = 6.0;
				ONLY_ACTIVE_ARCH = YES;
				SDKROOT = iphoneos;
			};
			name = Debug;
		};
		AB3A90F3165092CF00C672E5 /* Release */ = {
			isa = XCBuildConfiguration;
			buildSettings = {
				ALWAYS_SEARCH_USER_PATHS = NO;
				CLANG_CXX_LANGUAGE_STANDARD = "gnu++0x";
				CLANG_CXX_LIBRARY = "libc++";
				CLANG_WARN_EMPTY_BODY = YES;
				CLANG_WARN__DUPLICATE_METHOD_MATCH = YES;
				"CODE_SIGN_IDENTITY[sdk=iphoneos*]" = "iPhone Developer";
				COPY_PHASE_STRIP = YES;
				GCC_C_LANGUAGE_STANDARD = gnu99;
				GCC_WARN_ABOUT_RETURN_TYPE = YES;
				GCC_WARN_UNINITIALIZED_AUTOS = YES;
				GCC_WARN_UNUSED_VARIABLE = YES;
				IPHONEOS_DEPLOYMENT_TARGET = 6.0;
				OTHER_CFLAGS = "-DNS_BLOCK_ASSERTIONS=1";
				SDKROOT = iphoneos;
				VALIDATE_PRODUCT = YES;
			};
			name = Release;
		};
		AB3A90F5165092CF00C672E5 /* Debug */ = {
			isa = XCBuildConfiguration;
			baseConfigurationReference = 64ACB4F4102D4439A827EFF3 /* Pods.xcconfig */;
			buildSettings = {
				GCC_PRECOMPILE_PREFIX_HEADER = YES;
				GCC_PREFIX_HEADER = "MYFrameworkDemo/MYFrameworkDemo-Prefix.pch";
				INFOPLIST_FILE = "MYFrameworkDemo/MYFrameworkDemo-Info.plist";
				IPHONEOS_DEPLOYMENT_TARGET = 4.3;
				PRODUCT_NAME = "$(TARGET_NAME)";
				WRAPPER_EXTENSION = app;
			};
			name = Debug;
		};
		AB3A90F6165092CF00C672E5 /* Release */ = {
			isa = XCBuildConfiguration;
			baseConfigurationReference = 64ACB4F4102D4439A827EFF3 /* Pods.xcconfig */;
			buildSettings = {
				GCC_PRECOMPILE_PREFIX_HEADER = YES;
				GCC_PREFIX_HEADER = "MYFrameworkDemo/MYFrameworkDemo-Prefix.pch";
				INFOPLIST_FILE = "MYFrameworkDemo/MYFrameworkDemo-Info.plist";
				IPHONEOS_DEPLOYMENT_TARGET = 4.3;
				PRODUCT_NAME = "$(TARGET_NAME)";
				WRAPPER_EXTENSION = app;
			};
			name = Release;
		};
/* End XCBuildConfiguration section */

/* Begin XCConfigurationList section */
		AB3A90CA165092CF00C672E5 /* Build configuration list for PBXProject "MYFrameworkDemo" */ = {
			isa = XCConfigurationList;
			buildConfigurations = (
				AB3A90F2165092CF00C672E5 /* Debug */,
				AB3A90F3165092CF00C672E5 /* Release */,
			);
			defaultConfigurationIsVisible = 0;
			defaultConfigurationName = Release;
		};
		AB3A90F4165092CF00C672E5 /* Build configuration list for PBXNativeTarget "MYFrameworkDemo" */ = {
			isa = XCConfigurationList;
			buildConfigurations = (
				AB3A90F5165092CF00C672E5 /* Debug */,
				AB3A90F6165092CF00C672E5 /* Release */,
			);
			defaultConfigurationIsVisible = 0;
			defaultConfigurationName = Release;
		};
/* End XCConfigurationList section */
	};
	rootObject = AB3A90C7165092CF00C672E5 /* Project object */;
}
